
Microsoft Visual Studio Solution File, Format Version 12.00
# Visual Studio Version 16
VisualStudioVersion = 16.0.30717.126
MinimumVisualStudioVersion = 10.0.40219.1
Project("{2150E333-8FDC-42A3-9474-1A3956D46DE8}") = "Presentation", "Presentation", "{7A9F3723-A024-445F-A121-147DA419976D}"
EndProject
Project("{FAE04EC0-301F-11D3-BF4B-00C04F79EFBC}") = "Salon.Mobile.Android", "Salon.Mobile\Salon.Mobile.Android\Salon.Mobile.Android.csproj", "{A58FEE6D-5388-423D-B56F-D607F8E85FE7}"
EndProject
Project("{FAE04EC0-301F-11D3-BF4B-00C04F79EFBC}") = "Salon.Mobile.iOS", "Salon.Mobile\Salon.Mobile.iOS\Salon.Mobile.iOS.csproj", "{B61E3320-D581-46C0-A5D2-41EE284CDC2E}"
EndProject
Project("{9A19103F-16F7-4668-BE54-9A1E7A4F7556}") = "Salon.Mobile", "Salon.Mobile\Salon.Mobile\Salon.Mobile.csproj", "{03A5CD2D-E467-4AAD-A076-DE92A5FD3D75}"
EndProject
Project("{2150E333-8FDC-42A3-9474-1A3956D46DE8}") = "MobileUI", "MobileUI", "{595D2A25-FA1C-45A0-9E92-32B8D02DBD0F}"
EndProject
Project("{2150E333-8FDC-42A3-9474-1A3956D46DE8}") = "WebUI", "WebUI", "{E1DA45FA-A68E-4FBE-9C62-22B80AEB1C7F}"
EndProject
Project("{2150E333-8FDC-42A3-9474-1A3956D46DE8}") = "APIGateway", "APIGateway", "{39F301D9-6CC8-4C91-AD77-69F1E3173827}"
EndProject
Project("{2150E333-8FDC-42A3-9474-1A3956D46DE8}") = "Services", "Services", "{25417E5C-675D-48EE-8E75-80C04F9EA1FA}"
EndProject
Project("{2150E333-8FDC-42A3-9474-1A3956D46DE8}") = "Customer", "Customer", "{009B5708-83D7-4B7E-8019-5EEF5CD18DB3}"
EndProject
Project("{2150E333-8FDC-42A3-9474-1A3956D46DE8}") = "Wallet", "Wallet", "{DF6594B1-B69A-49F0-B1F8-C3D54AE1613B}"
EndProject
Project("{2150E333-8FDC-42A3-9474-1A3956D46DE8}") = "Salon", "Salon", "{BFD62B70-8425-4EE3-B3D5-7A03DD7189D1}"
EndProject
Project("{2150E333-8FDC-42A3-9474-1A3956D46DE8}") = "Location", "Location", "{33BC2CEB-DD69-4F4D-AE66-B2A771F16F3E}"
EndProject
Project("{2150E333-8FDC-42A3-9474-1A3956D46DE8}") = "Identity", "Identity", "{4E3288A9-9E52-4226-AFAC-A67D5E65466A}"
EndProject
Project("{2150E333-8FDC-42A3-9474-1A3956D46DE8}") = "Payment", "Payment", "{73C6B3AE-C1F3-4705-A80C-D356B65E824D}"
EndProject
Project("{2150E333-8FDC-42A3-9474-1A3956D46DE8}") = "Common", "Common", "{D121DD9E-BC3E-427E-A34C-C019E4107242}"
EndProject
Project("{2150E333-8FDC-42A3-9474-1A3956D46DE8}") = "Order", "Order", "{A06D426F-74D0-4C67-8FE2-25274DDB64C9}"
EndProject
Project("{2150E333-8FDC-42A3-9474-1A3956D46DE8}") = "src", "src", "{918C2AE3-8151-4D14-B243-96CE451E4E1C}"
EndProject
Project("{9A19103F-16F7-4668-BE54-9A1E7A4F7556}") = "Salon.Common", "src\Common\Salon.Common\Salon.Common.csproj", "{57BFA6E7-B58D-41DE-8DA9-D6D37B5B82ED}"
EndProject
Project("{9A19103F-16F7-4668-BE54-9A1E7A4F7556}") = "Salon.WebUI", "src\Presentation\Salon.WebUI\Salon.WebUI.csproj", "{28101B6A-6DFB-4EAE-81FC-E93E20534830}"
EndProject
Project("{9A19103F-16F7-4668-BE54-9A1E7A4F7556}") = "Salon.Blazor", "src\Presentation\Salon.Blazor\Salon.Blazor.csproj", "{4EF45937-89A7-49BF-B310-BAC5C29B532D}"
EndProject
Project("{9A19103F-16F7-4668-BE54-9A1E7A4F7556}") = "Salon.GatewayBase.Ocelot", "src\APIGateway\Salon.GatewayBase.Ocelot\Salon.GatewayBase.Ocelot.csproj", "{53CA0CA6-EF4E-41F6-94CE-8669BB00E611}"
EndProject
Project("{9A19103F-16F7-4668-BE54-9A1E7A4F7556}") = "Salon.CustomerBase.API", "src\Services\Customer\Salon.CustomerBase.API\Salon.CustomerBase.API.csproj", "{1D57E924-BBC1-42D3-B7F5-91467E7FB92F}"
EndProject
Project("{9A19103F-16F7-4668-BE54-9A1E7A4F7556}") = "Salon.CustomerBase.Core", "src\Services\Customer\Salon.CustomerBase.Core\Salon.CustomerBase.Core.csproj", "{94B98583-9A60-48D7-ACD2-017D28EEB651}"
EndProject
Project("{9A19103F-16F7-4668-BE54-9A1E7A4F7556}") = "Salon.CustomerBase.Infrastructure", "src\Services\Customer\Salon.CustomerBase.Infrastructure\Salon.CustomerBase.Infrastructure.csproj", "{A7D9EEB1-0BBE-4658-8611-E81F8A778FF3}"
EndProject
Project("{9A19103F-16F7-4668-BE54-9A1E7A4F7556}") = "Salon.Identity.API", "src\Services\Identity\Salon.Identity.API\Salon.Identity.API.csproj", "{87C063B1-8201-48CD-AFBA-972AF77EB408}"
EndProject
Project("{9A19103F-16F7-4668-BE54-9A1E7A4F7556}") = "Salon.LocationBase.API", "src\Services\Location\Salon.Location.API\Salon.LocationBase.API.csproj", "{CA8B6697-E600-4ADA-8E73-E161F8C74C1E}"
EndProject
Project("{9A19103F-16F7-4668-BE54-9A1E7A4F7556}") = "Salon.Orderbase.API", "src\Services\Order\Salon.Orderbase.API\Salon.Orderbase.API.csproj", "{B3B07774-6A8F-45AC-B95C-F5A5E75BAD99}"
EndProject
Project("{9A19103F-16F7-4668-BE54-9A1E7A4F7556}") = "Salon.OrderBase.Core", "src\Services\Order\Salon.OrderBase.Core\Salon.OrderBase.Core.csproj", "{E1CCCE1C-298A-47EF-B1FE-43750BE51A39}"
EndProject
Project("{9A19103F-16F7-4668-BE54-9A1E7A4F7556}") = "Salon.OrderBase.Infrastructure", "src\Services\Order\Salon.OrderBase.Infrastructure\Salon.OrderBase.Infrastructure.csproj", "{E2C6C21C-7786-4CCC-9F02-211B46C602AF}"
EndProject
Project("{9A19103F-16F7-4668-BE54-9A1E7A4F7556}") = "Salon.PaymentBase.API", "src\Services\Payment\Salon.PaymentBase.API\Salon.PaymentBase.API.csproj", "{CBF85D3E-C526-45D3-A476-5510BD5AD0DD}"
EndProject
Project("{9A19103F-16F7-4668-BE54-9A1E7A4F7556}") = "Salon.PaymentBase.Core", "src\Services\Payment\Salon.PaymentBase.Core\Salon.PaymentBase.Core.csproj", "{827F3AFF-852D-4910-9911-0E2FC19B1855}"
EndProject
Project("{9A19103F-16F7-4668-BE54-9A1E7A4F7556}") = "Salon.PaymentBase.Infrastructure", "src\Services\Payment\Salon.PaymentBase.Infrastructure\Salon.PaymentBase.Infrastructure.csproj", "{E8018534-B52C-4952-B6D9-91C2E1E254D2}"
EndProject
Project("{9A19103F-16F7-4668-BE54-9A1E7A4F7556}") = "Salon.BarberShopBase.API", "src\Services\Salon\Salon.BarberShopBase.API\Salon.BarberShopBase.API.csproj", "{3E786102-20DB-48FC-810E-7E34627D1BC8}"
EndProject
Project("{9A19103F-16F7-4668-BE54-9A1E7A4F7556}") = "Salon.BarberShopBase.Core", "src\Services\Salon\Salon.BarberShopBase.Core\Salon.BarberShopBase.Core.csproj", "{AABED105-CE77-469C-8C2E-C2B1878CA664}"
EndProject
Project("{9A19103F-16F7-4668-BE54-9A1E7A4F7556}") = "Salon.BarberShopBase.Infrastructure", "src\Services\Salon\Salon.BarberShopBase.Infrastructure\Salon.BarberShopBase.Infrastructure.csproj", "{FFB38099-AE54-4DD3-A6A4-A583632E87FA}"
EndProject
Project("{9A19103F-16F7-4668-BE54-9A1E7A4F7556}") = "Salon.WalletBase.API", "src\Services\Wallet\Salon.Wallet.API\Salon.WalletBase.API.csproj", "{7C40F8B4-437C-46F9-8814-F35773B8BB05}"
EndProject
Project("{9A19103F-16F7-4668-BE54-9A1E7A4F7556}") = "Salon.Eventbus.RabbitMQ", "src\Common\Salon.Eventbus.RabbitMQ\Salon.Eventbus.RabbitMQ.csproj", "{C4E91908-5D73-4A26-BB80-BE8695666CBE}"
EndProject
Global
	GlobalSection(SolutionConfigurationPlatforms) = preSolution
		Debug|Any CPU = Debug|Any CPU
		Debug|iPhone = Debug|iPhone
		Debug|iPhoneSimulator = Debug|iPhoneSimulator
		Release|Any CPU = Release|Any CPU
		Release|iPhone = Release|iPhone
		Release|iPhoneSimulator = Release|iPhoneSimulator
	EndGlobalSection
	GlobalSection(ProjectConfigurationPlatforms) = postSolution
		{A58FEE6D-5388-423D-B56F-D607F8E85FE7}.Debug|Any CPU.ActiveCfg = Debug|Any CPU
		{A58FEE6D-5388-423D-B56F-D607F8E85FE7}.Debug|Any CPU.Build.0 = Debug|Any CPU
		{A58FEE6D-5388-423D-B56F-D607F8E85FE7}.Debug|Any CPU.Deploy.0 = Debug|Any CPU
		{A58FEE6D-5388-423D-B56F-D607F8E85FE7}.Debug|iPhone.ActiveCfg = Debug|Any CPU
		{A58FEE6D-5388-423D-B56F-D607F8E85FE7}.Debug|iPhone.Build.0 = Debug|Any CPU
		{A58FEE6D-5388-423D-B56F-D607F8E85FE7}.Debug|iPhone.Deploy.0 = Debug|Any CPU
		{A58FEE6D-5388-423D-B56F-D607F8E85FE7}.Debug|iPhoneSimulator.ActiveCfg = Debug|Any CPU
		{A58FEE6D-5388-423D-B56F-D607F8E85FE7}.Debug|iPhoneSimulator.Build.0 = Debug|Any CPU
		{A58FEE6D-5388-423D-B56F-D607F8E85FE7}.Debug|iPhoneSimulator.Deploy.0 = Debug|Any CPU
		{A58FEE6D-5388-423D-B56F-D607F8E85FE7}.Release|Any CPU.ActiveCfg = Release|Any CPU
		{A58FEE6D-5388-423D-B56F-D607F8E85FE7}.Release|Any CPU.Build.0 = Release|Any CPU
		{A58FEE6D-5388-423D-B56F-D607F8E85FE7}.Release|Any CPU.Deploy.0 = Release|Any CPU
		{A58FEE6D-5388-423D-B56F-D607F8E85FE7}.Release|iPhone.ActiveCfg = Release|Any CPU
		{A58FEE6D-5388-423D-B56F-D607F8E85FE7}.Release|iPhone.Build.0 = Release|Any CPU
		{A58FEE6D-5388-423D-B56F-D607F8E85FE7}.Release|iPhone.Deploy.0 = Release|Any CPU
		{A58FEE6D-5388-423D-B56F-D607F8E85FE7}.Release|iPhoneSimulator.ActiveCfg = Release|Any CPU
		{A58FEE6D-5388-423D-B56F-D607F8E85FE7}.Release|iPhoneSimulator.Build.0 = Release|Any CPU
		{A58FEE6D-5388-423D-B56F-D607F8E85FE7}.Release|iPhoneSimulator.Deploy.0 = Release|Any CPU
		{B61E3320-D581-46C0-A5D2-41EE284CDC2E}.Debug|Any CPU.ActiveCfg = Debug|iPhoneSimulator
		{B61E3320-D581-46C0-A5D2-41EE284CDC2E}.Debug|iPhone.ActiveCfg = Debug|iPhone
		{B61E3320-D581-46C0-A5D2-41EE284CDC2E}.Debug|iPhone.Build.0 = Debug|iPhone
		{B61E3320-D581-46C0-A5D2-41EE284CDC2E}.Debug|iPhoneSimulator.ActiveCfg = Debug|iPhoneSimulator
		{B61E3320-D581-46C0-A5D2-41EE284CDC2E}.Debug|iPhoneSimulator.Build.0 = Debug|iPhoneSimulator
		{B61E3320-D581-46C0-A5D2-41EE284CDC2E}.Release|Any CPU.ActiveCfg = Release|iPhoneSimulator
		{B61E3320-D581-46C0-A5D2-41EE284CDC2E}.Release|iPhone.ActiveCfg = Release|iPhone
		{B61E3320-D581-46C0-A5D2-41EE284CDC2E}.Release|iPhone.Build.0 = Release|iPhone
		{B61E3320-D581-46C0-A5D2-41EE284CDC2E}.Release|iPhoneSimulator.ActiveCfg = Release|iPhoneSimulator
		{B61E3320-D581-46C0-A5D2-41EE284CDC2E}.Release|iPhoneSimulator.Build.0 = Release|iPhoneSimulator
		{03A5CD2D-E467-4AAD-A076-DE92A5FD3D75}.Debug|Any CPU.ActiveCfg = Debug|Any CPU
		{03A5CD2D-E467-4AAD-A076-DE92A5FD3D75}.Debug|Any CPU.Build.0 = Debug|Any CPU
		{03A5CD2D-E467-4AAD-A076-DE92A5FD3D75}.Debug|iPhone.ActiveCfg = Debug|Any CPU
		{03A5CD2D-E467-4AAD-A076-DE92A5FD3D75}.Debug|iPhone.Build.0 = Debug|Any CPU
		{03A5CD2D-E467-4AAD-A076-DE92A5FD3D75}.Debug|iPhoneSimulator.ActiveCfg = Debug|Any CPU
		{03A5CD2D-E467-4AAD-A076-DE92A5FD3D75}.Debug|iPhoneSimulator.Build.0 = Debug|Any CPU
		{03A5CD2D-E467-4AAD-A076-DE92A5FD3D75}.Release|Any CPU.ActiveCfg = Release|Any CPU
		{03A5CD2D-E467-4AAD-A076-DE92A5FD3D75}.Release|Any CPU.Build.0 = Release|Any CPU
		{03A5CD2D-E467-4AAD-A076-DE92A5FD3D75}.Release|iPhone.ActiveCfg = Release|Any CPU
		{03A5CD2D-E467-4AAD-A076-DE92A5FD3D75}.Release|iPhone.Build.0 = Release|Any CPU
		{03A5CD2D-E467-4AAD-A076-DE92A5FD3D75}.Release|iPhoneSimulator.ActiveCfg = Release|Any CPU
		{03A5CD2D-E467-4AAD-A076-DE92A5FD3D75}.Release|iPhoneSimulator.Build.0 = Release|Any CPU
		{57BFA6E7-B58D-41DE-8DA9-D6D37B5B82ED}.Debug|Any CPU.ActiveCfg = Debug|Any CPU
		{57BFA6E7-B58D-41DE-8DA9-D6D37B5B82ED}.Debug|Any CPU.Build.0 = Debug|Any CPU
		{57BFA6E7-B58D-41DE-8DA9-D6D37B5B82ED}.Debug|iPhone.ActiveCfg = Debug|Any CPU
		{57BFA6E7-B58D-41DE-8DA9-D6D37B5B82ED}.Debug|iPhone.Build.0 = Debug|Any CPU
		{57BFA6E7-B58D-41DE-8DA9-D6D37B5B82ED}.Debug|iPhoneSimulator.ActiveCfg = Debug|Any CPU
		{57BFA6E7-B58D-41DE-8DA9-D6D37B5B82ED}.Debug|iPhoneSimulator.Build.0 = Debug|Any CPU
		{57BFA6E7-B58D-41DE-8DA9-D6D37B5B82ED}.Release|Any CPU.ActiveCfg = Release|Any CPU
		{57BFA6E7-B58D-41DE-8DA9-D6D37B5B82ED}.Release|Any CPU.Build.0 = Release|Any CPU
		{57BFA6E7-B58D-41DE-8DA9-D6D37B5B82ED}.Release|iPhone.ActiveCfg = Release|Any CPU
		{57BFA6E7-B58D-41DE-8DA9-D6D37B5B82ED}.Release|iPhone.Build.0 = Release|Any CPU
		{57BFA6E7-B58D-41DE-8DA9-D6D37B5B82ED}.Release|iPhoneSimulator.ActiveCfg = Release|Any CPU
		{57BFA6E7-B58D-41DE-8DA9-D6D37B5B82ED}.Release|iPhoneSimulator.Build.0 = Release|Any CPU
		{28101B6A-6DFB-4EAE-81FC-E93E20534830}.Debug|Any CPU.ActiveCfg = Debug|Any CPU
		{28101B6A-6DFB-4EAE-81FC-E93E20534830}.Debug|Any CPU.Build.0 = Debug|Any CPU
		{28101B6A-6DFB-4EAE-81FC-E93E20534830}.Debug|iPhone.ActiveCfg = Debug|Any CPU
		{28101B6A-6DFB-4EAE-81FC-E93E20534830}.Debug|iPhone.Build.0 = Debug|Any CPU
		{28101B6A-6DFB-4EAE-81FC-E93E20534830}.Debug|iPhoneSimulator.ActiveCfg = Debug|Any CPU
		{28101B6A-6DFB-4EAE-81FC-E93E20534830}.Debug|iPhoneSimulator.Build.0 = Debug|Any CPU
		{28101B6A-6DFB-4EAE-81FC-E93E20534830}.Release|Any CPU.ActiveCfg = Release|Any CPU
		{28101B6A-6DFB-4EAE-81FC-E93E20534830}.Release|Any CPU.Build.0 = Release|Any CPU
		{28101B6A-6DFB-4EAE-81FC-E93E20534830}.Release|iPhone.ActiveCfg = Release|Any CPU
		{28101B6A-6DFB-4EAE-81FC-E93E20534830}.Release|iPhone.Build.0 = Release|Any CPU
		{28101B6A-6DFB-4EAE-81FC-E93E20534830}.Release|iPhoneSimulator.ActiveCfg = Release|Any CPU
		{28101B6A-6DFB-4EAE-81FC-E93E20534830}.Release|iPhoneSimulator.Build.0 = Release|Any CPU
		{4EF45937-89A7-49BF-B310-BAC5C29B532D}.Debug|Any CPU.ActiveCfg = Debug|Any CPU
		{4EF45937-89A7-49BF-B310-BAC5C29B532D}.Debug|Any CPU.Build.0 = Debug|Any CPU
		{4EF45937-89A7-49BF-B310-BAC5C29B532D}.Debug|iPhone.ActiveCfg = Debug|Any CPU
		{4EF45937-89A7-49BF-B310-BAC5C29B532D}.Debug|iPhone.Build.0 = Debug|Any CPU
		{4EF45937-89A7-49BF-B310-BAC5C29B532D}.Debug|iPhoneSimulator.ActiveCfg = Debug|Any CPU
		{4EF45937-89A7-49BF-B310-BAC5C29B532D}.Debug|iPhoneSimulator.Build.0 = Debug|Any CPU
		{4EF45937-89A7-49BF-B310-BAC5C29B532D}.Release|Any CPU.ActiveCfg = Release|Any CPU
		{4EF45937-89A7-49BF-B310-BAC5C29B532D}.Release|Any CPU.Build.0 = Release|Any CPU
		{4EF45937-89A7-49BF-B310-BAC5C29B532D}.Release|iPhone.ActiveCfg = Release|Any CPU
		{4EF45937-89A7-49BF-B310-BAC5C29B532D}.Release|iPhone.Build.0 = Release|Any CPU
		{4EF45937-89A7-49BF-B310-BAC5C29B532D}.Release|iPhoneSimulator.ActiveCfg = Release|Any CPU
		{4EF45937-89A7-49BF-B310-BAC5C29B532D}.Release|iPhoneSimulator.Build.0 = Release|Any CPU
		{53CA0CA6-EF4E-41F6-94CE-8669BB00E611}.Debug|Any CPU.ActiveCfg = Debug|Any CPU
		{53CA0CA6-EF4E-41F6-94CE-8669BB00E611}.Debug|Any CPU.Build.0 = Debug|Any CPU
		{53CA0CA6-EF4E-41F6-94CE-8669BB00E611}.Debug|iPhone.ActiveCfg = Debug|Any CPU
		{53CA0CA6-EF4E-41F6-94CE-8669BB00E611}.Debug|iPhone.Build.0 = Debug|Any CPU
		{53CA0CA6-EF4E-41F6-94CE-8669BB00E611}.Debug|iPhoneSimulator.ActiveCfg = Debug|Any CPU
		{53CA0CA6-EF4E-41F6-94CE-8669BB00E611}.Debug|iPhoneSimulator.Build.0 = Debug|Any CPU
		{53CA0CA6-EF4E-41F6-94CE-8669BB00E611}.Release|Any CPU.ActiveCfg = Release|Any CPU
		{53CA0CA6-EF4E-41F6-94CE-8669BB00E611}.Release|Any CPU.Build.0 = Release|Any CPU
		{53CA0CA6-EF4E-41F6-94CE-8669BB00E611}.Release|iPhone.ActiveCfg = Release|Any CPU
		{53CA0CA6-EF4E-41F6-94CE-8669BB00E611}.Release|iPhone.Build.0 = Release|Any CPU
		{53CA0CA6-EF4E-41F6-94CE-8669BB00E611}.Release|iPhoneSimulator.ActiveCfg = Release|Any CPU
		{53CA0CA6-EF4E-41F6-94CE-8669BB00E611}.Release|iPhoneSimulator.Build.0 = Release|Any CPU
		{1D57E924-BBC1-42D3-B7F5-91467E7FB92F}.Debug|Any CPU.ActiveCfg = Debug|Any CPU
		{1D57E924-BBC1-42D3-B7F5-91467E7FB92F}.Debug|Any CPU.Build.0 = Debug|Any CPU
		{1D57E924-BBC1-42D3-B7F5-91467E7FB92F}.Debug|iPhone.ActiveCfg = Debug|Any CPU
		{1D57E924-BBC1-42D3-B7F5-91467E7FB92F}.Debug|iPhone.Build.0 = Debug|Any CPU
		{1D57E924-BBC1-42D3-B7F5-91467E7FB92F}.Debug|iPhoneSimulator.ActiveCfg = Debug|Any CPU
		{1D57E924-BBC1-42D3-B7F5-91467E7FB92F}.Debug|iPhoneSimulator.Build.0 = Debug|Any CPU
		{1D57E924-BBC1-42D3-B7F5-91467E7FB92F}.Release|Any CPU.ActiveCfg = Release|Any CPU
		{1D57E924-BBC1-42D3-B7F5-91467E7FB92F}.Release|Any CPU.Build.0 = Release|Any CPU
		{1D57E924-BBC1-42D3-B7F5-91467E7FB92F}.Release|iPhone.ActiveCfg = Release|Any CPU
		{1D57E924-BBC1-42D3-B7F5-91467E7FB92F}.Release|iPhone.Build.0 = Release|Any CPU
		{1D57E924-BBC1-42D3-B7F5-91467E7FB92F}.Release|iPhoneSimulator.ActiveCfg = Release|Any CPU
		{1D57E924-BBC1-42D3-B7F5-91467E7FB92F}.Release|iPhoneSimulator.Build.0 = Release|Any CPU
		{94B98583-9A60-48D7-ACD2-017D28EEB651}.Debug|Any CPU.ActiveCfg = Debug|Any CPU
		{94B98583-9A60-48D7-ACD2-017D28EEB651}.Debug|Any CPU.Build.0 = Debug|Any CPU
		{94B98583-9A60-48D7-ACD2-017D28EEB651}.Debug|iPhone.ActiveCfg = Debug|Any CPU
		{94B98583-9A60-48D7-ACD2-017D28EEB651}.Debug|iPhone.Build.0 = Debug|Any CPU
		{94B98583-9A60-48D7-ACD2-017D28EEB651}.Debug|iPhoneSimulator.ActiveCfg = Debug|Any CPU
		{94B98583-9A60-48D7-ACD2-017D28EEB651}.Debug|iPhoneSimulator.Build.0 = Debug|Any CPU
		{94B98583-9A60-48D7-ACD2-017D28EEB651}.Release|Any CPU.ActiveCfg = Release|Any CPU
		{94B98583-9A60-48D7-ACD2-017D28EEB651}.Release|Any CPU.Build.0 = Release|Any CPU
		{94B98583-9A60-48D7-ACD2-017D28EEB651}.Release|iPhone.ActiveCfg = Release|Any CPU
		{94B98583-9A60-48D7-ACD2-017D28EEB651}.Release|iPhone.Build.0 = Release|Any CPU
		{94B98583-9A60-48D7-ACD2-017D28EEB651}.Release|iPhoneSimulator.ActiveCfg = Release|Any CPU
		{94B98583-9A60-48D7-ACD2-017D28EEB651}.Release|iPhoneSimulator.Build.0 = Release|Any CPU
		{A7D9EEB1-0BBE-4658-8611-E81F8A778FF3}.Debug|Any CPU.ActiveCfg = Debug|Any CPU
		{A7D9EEB1-0BBE-4658-8611-E81F8A778FF3}.Debug|Any CPU.Build.0 = Debug|Any CPU
		{A7D9EEB1-0BBE-4658-8611-E81F8A778FF3}.Debug|iPhone.ActiveCfg = Debug|Any CPU
		{A7D9EEB1-0BBE-4658-8611-E81F8A778FF3}.Debug|iPhone.Build.0 = Debug|Any CPU
		{A7D9EEB1-0BBE-4658-8611-E81F8A778FF3}.Debug|iPhoneSimulator.ActiveCfg = Debug|Any CPU
		{A7D9EEB1-0BBE-4658-8611-E81F8A778FF3}.Debug|iPhoneSimulator.Build.0 = Debug|Any CPU
		{A7D9EEB1-0BBE-4658-8611-E81F8A778FF3}.Release|Any CPU.ActiveCfg = Release|Any CPU
		{A7D9EEB1-0BBE-4658-8611-E81F8A778FF3}.Release|Any CPU.Build.0 = Release|Any CPU
		{A7D9EEB1-0BBE-4658-8611-E81F8A778FF3}.Release|iPhone.ActiveCfg = Release|Any CPU
		{A7D9EEB1-0BBE-4658-8611-E81F8A778FF3}.Release|iPhone.Build.0 = Release|Any CPU
		{A7D9EEB1-0BBE-4658-8611-E81F8A778FF3}.Release|iPhoneSimulator.ActiveCfg = Release|Any CPU
		{A7D9EEB1-0BBE-4658-8611-E81F8A778FF3}.Release|iPhoneSimulator.Build.0 = Release|Any CPU
		{87C063B1-8201-48CD-AFBA-972AF77EB408}.Debug|Any CPU.ActiveCfg = Debug|Any CPU
		{87C063B1-8201-48CD-AFBA-972AF77EB408}.Debug|Any CPU.Build.0 = Debug|Any CPU
		{87C063B1-8201-48CD-AFBA-972AF77EB408}.Debug|iPhone.ActiveCfg = Debug|Any CPU
		{87C063B1-8201-48CD-AFBA-972AF77EB408}.Debug|iPhone.Build.0 = Debug|Any CPU
		{87C063B1-8201-48CD-AFBA-972AF77EB408}.Debug|iPhoneSimulator.ActiveCfg = Debug|Any CPU
		{87C063B1-8201-48CD-AFBA-972AF77EB408}.Debug|iPhoneSimulator.Build.0 = Debug|Any CPU
		{87C063B1-8201-48CD-AFBA-972AF77EB408}.Release|Any CPU.ActiveCfg = Release|Any CPU
		{87C063B1-8201-48CD-AFBA-972AF77EB408}.Release|Any CPU.Build.0 = Release|Any CPU
		{87C063B1-8201-48CD-AFBA-972AF77EB408}.Release|iPhone.ActiveCfg = Release|Any CPU
		{87C063B1-8201-48CD-AFBA-972AF77EB408}.Release|iPhone.Build.0 = Release|Any CPU
		{87C063B1-8201-48CD-AFBA-972AF77EB408}.Release|iPhoneSimulator.ActiveCfg = Release|Any CPU
		{87C063B1-8201-48CD-AFBA-972AF77EB408}.Release|iPhoneSimulator.Build.0 = Release|Any CPU
		{CA8B6697-E600-4ADA-8E73-E161F8C74C1E}.Debug|Any CPU.ActiveCfg = Debug|Any CPU
		{CA8B6697-E600-4ADA-8E73-E161F8C74C1E}.Debug|Any CPU.Build.0 = Debug|Any CPU
		{CA8B6697-E600-4ADA-8E73-E161F8C74C1E}.Debug|iPhone.ActiveCfg = Debug|Any CPU
		{CA8B6697-E600-4ADA-8E73-E161F8C74C1E}.Debug|iPhone.Build.0 = Debug|Any CPU
		{CA8B6697-E600-4ADA-8E73-E161F8C74C1E}.Debug|iPhoneSimulator.ActiveCfg = Debug|Any CPU
		{CA8B6697-E600-4ADA-8E73-E161F8C74C1E}.Debug|iPhoneSimulator.Build.0 = Debug|Any CPU
		{CA8B6697-E600-4ADA-8E73-E161F8C74C1E}.Release|Any CPU.ActiveCfg = Release|Any CPU
		{CA8B6697-E600-4ADA-8E73-E161F8C74C1E}.Release|Any CPU.Build.0 = Release|Any CPU
		{CA8B6697-E600-4ADA-8E73-E161F8C74C1E}.Release|iPhone.ActiveCfg = Release|Any CPU
		{CA8B6697-E600-4ADA-8E73-E161F8C74C1E}.Release|iPhone.Build.0 = Release|Any CPU
		{CA8B6697-E600-4ADA-8E73-E161F8C74C1E}.Release|iPhoneSimulator.ActiveCfg = Release|Any CPU
		{CA8B6697-E600-4ADA-8E73-E161F8C74C1E}.Release|iPhoneSimulator.Build.0 = Release|Any CPU
		{B3B07774-6A8F-45AC-B95C-F5A5E75BAD99}.Debug|Any CPU.ActiveCfg = Debug|Any CPU
		{B3B07774-6A8F-45AC-B95C-F5A5E75BAD99}.Debug|Any CPU.Build.0 = Debug|Any CPU
		{B3B07774-6A8F-45AC-B95C-F5A5E75BAD99}.Debug|iPhone.ActiveCfg = Debug|Any CPU
		{B3B07774-6A8F-45AC-B95C-F5A5E75BAD99}.Debug|iPhone.Build.0 = Debug|Any CPU
		{B3B07774-6A8F-45AC-B95C-F5A5E75BAD99}.Debug|iPhoneSimulator.ActiveCfg = Debug|Any CPU
		{B3B07774-6A8F-45AC-B95C-F5A5E75BAD99}.Debug|iPhoneSimulator.Build.0 = Debug|Any CPU
		{B3B07774-6A8F-45AC-B95C-F5A5E75BAD99}.Release|Any CPU.ActiveCfg = Release|Any CPU
		{B3B07774-6A8F-45AC-B95C-F5A5E75BAD99}.Release|Any CPU.Build.0 = Release|Any CPU
		{B3B07774-6A8F-45AC-B95C-F5A5E75BAD99}.Release|iPhone.ActiveCfg = Release|Any CPU
		{B3B07774-6A8F-45AC-B95C-F5A5E75BAD99}.Release|iPhone.Build.0 = Release|Any CPU
		{B3B07774-6A8F-45AC-B95C-F5A5E75BAD99}.Release|iPhoneSimulator.ActiveCfg = Release|Any CPU
		{B3B07774-6A8F-45AC-B95C-F5A5E75BAD99}.Release|iPhoneSimulator.Build.0 = Release|Any CPU
		{E1CCCE1C-298A-47EF-B1FE-43750BE51A39}.Debug|Any CPU.ActiveCfg = Debug|Any CPU
		{E1CCCE1C-298A-47EF-B1FE-43750BE51A39}.Debug|Any CPU.Build.0 = Debug|Any CPU
		{E1CCCE1C-298A-47EF-B1FE-43750BE51A39}.Debug|iPhone.ActiveCfg = Debug|Any CPU
		{E1CCCE1C-298A-47EF-B1FE-43750BE51A39}.Debug|iPhone.Build.0 = Debug|Any CPU
		{E1CCCE1C-298A-47EF-B1FE-43750BE51A39}.Debug|iPhoneSimulator.ActiveCfg = Debug|Any CPU
		{E1CCCE1C-298A-47EF-B1FE-43750BE51A39}.Debug|iPhoneSimulator.Build.0 = Debug|Any CPU
		{E1CCCE1C-298A-47EF-B1FE-43750BE51A39}.Release|Any CPU.ActiveCfg = Release|Any CPU
		{E1CCCE1C-298A-47EF-B1FE-43750BE51A39}.Release|Any CPU.Build.0 = Release|Any CPU
		{E1CCCE1C-298A-47EF-B1FE-43750BE51A39}.Release|iPhone.ActiveCfg = Release|Any CPU
		{E1CCCE1C-298A-47EF-B1FE-43750BE51A39}.Release|iPhone.Build.0 = Release|Any CPU
		{E1CCCE1C-298A-47EF-B1FE-43750BE51A39}.Release|iPhoneSimulator.ActiveCfg = Release|Any CPU
		{E1CCCE1C-298A-47EF-B1FE-43750BE51A39}.Release|iPhoneSimulator.Build.0 = Release|Any CPU
		{E2C6C21C-7786-4CCC-9F02-211B46C602AF}.Debug|Any CPU.ActiveCfg = Debug|Any CPU
		{E2C6C21C-7786-4CCC-9F02-211B46C602AF}.Debug|Any CPU.Build.0 = Debug|Any CPU
		{E2C6C21C-7786-4CCC-9F02-211B46C602AF}.Debug|iPhone.ActiveCfg = Debug|Any CPU
		{E2C6C21C-7786-4CCC-9F02-211B46C602AF}.Debug|iPhone.Build.0 = Debug|Any CPU
		{E2C6C21C-7786-4CCC-9F02-211B46C602AF}.Debug|iPhoneSimulator.ActiveCfg = Debug|Any CPU
		{E2C6C21C-7786-4CCC-9F02-211B46C602AF}.Debug|iPhoneSimulator.Build.0 = Debug|Any CPU
		{E2C6C21C-7786-4CCC-9F02-211B46C602AF}.Release|Any CPU.ActiveCfg = Release|Any CPU
		{E2C6C21C-7786-4CCC-9F02-211B46C602AF}.Release|Any CPU.Build.0 = Release|Any CPU
		{E2C6C21C-7786-4CCC-9F02-211B46C602AF}.Release|iPhone.ActiveCfg = Release|Any CPU
		{E2C6C21C-7786-4CCC-9F02-211B46C602AF}.Release|iPhone.Build.0 = Release|Any CPU
		{E2C6C21C-7786-4CCC-9F02-211B46C602AF}.Release|iPhoneSimulator.ActiveCfg = Release|Any CPU
		{E2C6C21C-7786-4CCC-9F02-211B46C602AF}.Release|iPhoneSimulator.Build.0 = Release|Any CPU
		{CBF85D3E-C526-45D3-A476-5510BD5AD0DD}.Debug|Any CPU.ActiveCfg = Debug|Any CPU
		{CBF85D3E-C526-45D3-A476-5510BD5AD0DD}.Debug|Any CPU.Build.0 = Debug|Any CPU
		{CBF85D3E-C526-45D3-A476-5510BD5AD0DD}.Debug|iPhone.ActiveCfg = Debug|Any CPU
		{CBF85D3E-C526-45D3-A476-5510BD5AD0DD}.Debug|iPhone.Build.0 = Debug|Any CPU
		{CBF85D3E-C526-45D3-A476-5510BD5AD0DD}.Debug|iPhoneSimulator.ActiveCfg = Debug|Any CPU
		{CBF85D3E-C526-45D3-A476-5510BD5AD0DD}.Debug|iPhoneSimulator.Build.0 = Debug|Any CPU
		{CBF85D3E-C526-45D3-A476-5510BD5AD0DD}.Release|Any CPU.ActiveCfg = Release|Any CPU
		{CBF85D3E-C526-45D3-A476-5510BD5AD0DD}.Release|Any CPU.Build.0 = Release|Any CPU
		{CBF85D3E-C526-45D3-A476-5510BD5AD0DD}.Release|iPhone.ActiveCfg = Release|Any CPU
		{CBF85D3E-C526-45D3-A476-5510BD5AD0DD}.Release|iPhone.Build.0 = Release|Any CPU
		{CBF85D3E-C526-45D3-A476-5510BD5AD0DD}.Release|iPhoneSimulator.ActiveCfg = Release|Any CPU
		{CBF85D3E-C526-45D3-A476-5510BD5AD0DD}.Release|iPhoneSimulator.Build.0 = Release|Any CPU
		{827F3AFF-852D-4910-9911-0E2FC19B1855}.Debug|Any CPU.ActiveCfg = Debug|Any CPU
		{827F3AFF-852D-4910-9911-0E2FC19B1855}.Debug|Any CPU.Build.0 = Debug|Any CPU
		{827F3AFF-852D-4910-9911-0E2FC19B1855}.Debug|iPhone.ActiveCfg = Debug|Any CPU
		{827F3AFF-852D-4910-9911-0E2FC19B1855}.Debug|iPhone.Build.0 = Debug|Any CPU
		{827F3AFF-852D-4910-9911-0E2FC19B1855}.Debug|iPhoneSimulator.ActiveCfg = Debug|Any CPU
		{827F3AFF-852D-4910-9911-0E2FC19B1855}.Debug|iPhoneSimulator.Build.0 = Debug|Any CPU
		{827F3AFF-852D-4910-9911-0E2FC19B1855}.Release|Any CPU.ActiveCfg = Release|Any CPU
		{827F3AFF-852D-4910-9911-0E2FC19B1855}.Release|Any CPU.Build.0 = Release|Any CPU
		{827F3AFF-852D-4910-9911-0E2FC19B1855}.Release|iPhone.ActiveCfg = Release|Any CPU
		{827F3AFF-852D-4910-9911-0E2FC19B1855}.Release|iPhone.Build.0 = Release|Any CPU
		{827F3AFF-852D-4910-9911-0E2FC19B1855}.Release|iPhoneSimulator.ActiveCfg = Release|Any CPU
		{827F3AFF-852D-4910-9911-0E2FC19B1855}.Release|iPhoneSimulator.Build.0 = Release|Any CPU
		{E8018534-B52C-4952-B6D9-91C2E1E254D2}.Debug|Any CPU.ActiveCfg = Debug|Any CPU
		{E8018534-B52C-4952-B6D9-91C2E1E254D2}.Debug|Any CPU.Build.0 = Debug|Any CPU
		{E8018534-B52C-4952-B6D9-91C2E1E254D2}.Debug|iPhone.ActiveCfg = Debug|Any CPU
		{E8018534-B52C-4952-B6D9-91C2E1E254D2}.Debug|iPhone.Build.0 = Debug|Any CPU
		{E8018534-B52C-4952-B6D9-91C2E1E254D2}.Debug|iPhoneSimulator.ActiveCfg = Debug|Any CPU
		{E8018534-B52C-4952-B6D9-91C2E1E254D2}.Debug|iPhoneSimulator.Build.0 = Debug|Any CPU
		{E8018534-B52C-4952-B6D9-91C2E1E254D2}.Release|Any CPU.ActiveCfg = Release|Any CPU
		{E8018534-B52C-4952-B6D9-91C2E1E254D2}.Release|Any CPU.Build.0 = Release|Any CPU
		{E8018534-B52C-4952-B6D9-91C2E1E254D2}.Release|iPhone.ActiveCfg = Release|Any CPU
		{E8018534-B52C-4952-B6D9-91C2E1E254D2}.Release|iPhone.Build.0 = Release|Any CPU
		{E8018534-B52C-4952-B6D9-91C2E1E254D2}.Release|iPhoneSimulator.ActiveCfg = Release|Any CPU
		{E8018534-B52C-4952-B6D9-91C2E1E254D2}.Release|iPhoneSimulator.Build.0 = Release|Any CPU
		{3E786102-20DB-48FC-810E-7E34627D1BC8}.Debug|Any CPU.ActiveCfg = Debug|Any CPU
		{3E786102-20DB-48FC-810E-7E34627D1BC8}.Debug|Any CPU.Build.0 = Debug|Any CPU
		{3E786102-20DB-48FC-810E-7E34627D1BC8}.Debug|iPhone.ActiveCfg = Debug|Any CPU
		{3E786102-20DB-48FC-810E-7E34627D1BC8}.Debug|iPhone.Build.0 = Debug|Any CPU
		{3E786102-20DB-48FC-810E-7E34627D1BC8}.Debug|iPhoneSimulator.ActiveCfg = Debug|Any CPU
		{3E786102-20DB-48FC-810E-7E34627D1BC8}.Debug|iPhoneSimulator.Build.0 = Debug|Any CPU
		{3E786102-20DB-48FC-810E-7E34627D1BC8}.Release|Any CPU.ActiveCfg = Release|Any CPU
		{3E786102-20DB-48FC-810E-7E34627D1BC8}.Release|Any CPU.Build.0 = Release|Any CPU
		{3E786102-20DB-48FC-810E-7E34627D1BC8}.Release|iPhone.ActiveCfg = Release|Any CPU
		{3E786102-20DB-48FC-810E-7E34627D1BC8}.Release|iPhone.Build.0 = Release|Any CPU
		{3E786102-20DB-48FC-810E-7E34627D1BC8}.Release|iPhoneSimulator.ActiveCfg = Release|Any CPU
		{3E786102-20DB-48FC-810E-7E34627D1BC8}.Release|iPhoneSimulator.Build.0 = Release|Any CPU
		{AABED105-CE77-469C-8C2E-C2B1878CA664}.Debug|Any CPU.ActiveCfg = Debug|Any CPU
		{AABED105-CE77-469C-8C2E-C2B1878CA664}.Debug|Any CPU.Build.0 = Debug|Any CPU
		{AABED105-CE77-469C-8C2E-C2B1878CA664}.Debug|iPhone.ActiveCfg = Debug|Any CPU
		{AABED105-CE77-469C-8C2E-C2B1878CA664}.Debug|iPhone.Build.0 = Debug|Any CPU
		{AABED105-CE77-469C-8C2E-C2B1878CA664}.Debug|iPhoneSimulator.ActiveCfg = Debug|Any CPU
		{AABED105-CE77-469C-8C2E-C2B1878CA664}.Debug|iPhoneSimulator.Build.0 = Debug|Any CPU
		{AABED105-CE77-469C-8C2E-C2B1878CA664}.Release|Any CPU.ActiveCfg = Release|Any CPU
		{AABED105-CE77-469C-8C2E-C2B1878CA664}.Release|Any CPU.Build.0 = Release|Any CPU
		{AABED105-CE77-469C-8C2E-C2B1878CA664}.Release|iPhone.ActiveCfg = Release|Any CPU
		{AABED105-CE77-469C-8C2E-C2B1878CA664}.Release|iPhone.Build.0 = Release|Any CPU
		{AABED105-CE77-469C-8C2E-C2B1878CA664}.Release|iPhoneSimulator.ActiveCfg = Release|Any CPU
		{AABED105-CE77-469C-8C2E-C2B1878CA664}.Release|iPhoneSimulator.Build.0 = Release|Any CPU
		{FFB38099-AE54-4DD3-A6A4-A583632E87FA}.Debug|Any CPU.ActiveCfg = Debug|Any CPU
		{FFB38099-AE54-4DD3-A6A4-A583632E87FA}.Debug|Any CPU.Build.0 = Debug|Any CPU
		{FFB38099-AE54-4DD3-A6A4-A583632E87FA}.Debug|iPhone.ActiveCfg = Debug|Any CPU
		{FFB38099-AE54-4DD3-A6A4-A583632E87FA}.Debug|iPhone.Build.0 = Debug|Any CPU
		{FFB38099-AE54-4DD3-A6A4-A583632E87FA}.Debug|iPhoneSimulator.ActiveCfg = Debug|Any CPU
		{FFB38099-AE54-4DD3-A6A4-A583632E87FA}.Debug|iPhoneSimulator.Build.0 = Debug|Any CPU
		{FFB38099-AE54-4DD3-A6A4-A583632E87FA}.Release|Any CPU.ActiveCfg = Release|Any CPU
		{FFB38099-AE54-4DD3-A6A4-A583632E87FA}.Release|Any CPU.Build.0 = Release|Any CPU
		{FFB38099-AE54-4DD3-A6A4-A583632E87FA}.Release|iPhone.ActiveCfg = Release|Any CPU
		{FFB38099-AE54-4DD3-A6A4-A583632E87FA}.Release|iPhone.Build.0 = Release|Any CPU
		{FFB38099-AE54-4DD3-A6A4-A583632E87FA}.Release|iPhoneSimulator.ActiveCfg = Release|Any CPU
		{FFB38099-AE54-4DD3-A6A4-A583632E87FA}.Release|iPhoneSimulator.Build.0 = Release|Any CPU
		{7C40F8B4-437C-46F9-8814-F35773B8BB05}.Debug|Any CPU.ActiveCfg = Debug|Any CPU
		{7C40F8B4-437C-46F9-8814-F35773B8BB05}.Debug|Any CPU.Build.0 = Debug|Any CPU
		{7C40F8B4-437C-46F9-8814-F35773B8BB05}.Debug|iPhone.ActiveCfg = Debug|Any CPU
		{7C40F8B4-437C-46F9-8814-F35773B8BB05}.Debug|iPhone.Build.0 = Debug|Any CPU
		{7C40F8B4-437C-46F9-8814-F35773B8BB05}.Debug|iPhoneSimulator.ActiveCfg = Debug|Any CPU
		{7C40F8B4-437C-46F9-8814-F35773B8BB05}.Debug|iPhoneSimulator.Build.0 = Debug|Any CPU
		{7C40F8B4-437C-46F9-8814-F35773B8BB05}.Release|Any CPU.ActiveCfg = Release|Any CPU
		{7C40F8B4-437C-46F9-8814-F35773B8BB05}.Release|Any CPU.Build.0 = Release|Any CPU
		{7C40F8B4-437C-46F9-8814-F35773B8BB05}.Release|iPhone.ActiveCfg = Release|Any CPU
		{7C40F8B4-437C-46F9-8814-F35773B8BB05}.Release|iPhone.Build.0 = Release|Any CPU
		{7C40F8B4-437C-46F9-8814-F35773B8BB05}.Release|iPhoneSimulator.ActiveCfg = Release|Any CPU
		{7C40F8B4-437C-46F9-8814-F35773B8BB05}.Release|iPhoneSimulator.Build.0 = Release|Any CPU
		{C4E91908-5D73-4A26-BB80-BE8695666CBE}.Debug|Any CPU.ActiveCfg = Debug|Any CPU
		{C4E91908-5D73-4A26-BB80-BE8695666CBE}.Debug|Any CPU.Build.0 = Debug|Any CPU
		{C4E91908-5D73-4A26-BB80-BE8695666CBE}.Debug|iPhone.ActiveCfg = Debug|Any CPU
		{C4E91908-5D73-4A26-BB80-BE8695666CBE}.Debug|iPhone.Build.0 = Debug|Any CPU
		{C4E91908-5D73-4A26-BB80-BE8695666CBE}.Debug|iPhoneSimulator.ActiveCfg = Debug|Any CPU
		{C4E91908-5D73-4A26-BB80-BE8695666CBE}.Debug|iPhoneSimulator.Build.0 = Debug|Any CPU
		{C4E91908-5D73-4A26-BB80-BE8695666CBE}.Release|Any CPU.ActiveCfg = Release|Any CPU
		{C4E91908-5D73-4A26-BB80-BE8695666CBE}.Release|Any CPU.Build.0 = Release|Any CPU
		{C4E91908-5D73-4A26-BB80-BE8695666CBE}.Release|iPhone.ActiveCfg = Release|Any CPU
		{C4E91908-5D73-4A26-BB80-BE8695666CBE}.Release|iPhone.Build.0 = Release|Any CPU
		{C4E91908-5D73-4A26-BB80-BE8695666CBE}.Release|iPhoneSimulator.ActiveCfg = Release|Any CPU
		{C4E91908-5D73-4A26-BB80-BE8695666CBE}.Release|iPhoneSimulator.Build.0 = Release|Any CPU
	EndGlobalSection
	GlobalSection(SolutionProperties) = preSolution
		HideSolutionNode = FALSE
	EndGlobalSection
	GlobalSection(NestedProjects) = preSolution
		{7A9F3723-A024-445F-A121-147DA419976D} = {918C2AE3-8151-4D14-B243-96CE451E4E1C}
		{A58FEE6D-5388-423D-B56F-D607F8E85FE7} = {595D2A25-FA1C-45A0-9E92-32B8D02DBD0F}
		{B61E3320-D581-46C0-A5D2-41EE284CDC2E} = {595D2A25-FA1C-45A0-9E92-32B8D02DBD0F}
		{03A5CD2D-E467-4AAD-A076-DE92A5FD3D75} = {595D2A25-FA1C-45A0-9E92-32B8D02DBD0F}
		{595D2A25-FA1C-45A0-9E92-32B8D02DBD0F} = {7A9F3723-A024-445F-A121-147DA419976D}
		{E1DA45FA-A68E-4FBE-9C62-22B80AEB1C7F} = {7A9F3723-A024-445F-A121-147DA419976D}
		{39F301D9-6CC8-4C91-AD77-69F1E3173827} = {918C2AE3-8151-4D14-B243-96CE451E4E1C}
		{25417E5C-675D-48EE-8E75-80C04F9EA1FA} = {918C2AE3-8151-4D14-B243-96CE451E4E1C}
		{009B5708-83D7-4B7E-8019-5EEF5CD18DB3} = {25417E5C-675D-48EE-8E75-80C04F9EA1FA}
		{DF6594B1-B69A-49F0-B1F8-C3D54AE1613B} = {25417E5C-675D-48EE-8E75-80C04F9EA1FA}
		{BFD62B70-8425-4EE3-B3D5-7A03DD7189D1} = {25417E5C-675D-48EE-8E75-80C04F9EA1FA}
		{33BC2CEB-DD69-4F4D-AE66-B2A771F16F3E} = {25417E5C-675D-48EE-8E75-80C04F9EA1FA}
		{4E3288A9-9E52-4226-AFAC-A67D5E65466A} = {25417E5C-675D-48EE-8E75-80C04F9EA1FA}
		{73C6B3AE-C1F3-4705-A80C-D356B65E824D} = {25417E5C-675D-48EE-8E75-80C04F9EA1FA}
		{D121DD9E-BC3E-427E-A34C-C019E4107242} = {918C2AE3-8151-4D14-B243-96CE451E4E1C}
		{A06D426F-74D0-4C67-8FE2-25274DDB64C9} = {25417E5C-675D-48EE-8E75-80C04F9EA1FA}
		{57BFA6E7-B58D-41DE-8DA9-D6D37B5B82ED} = {D121DD9E-BC3E-427E-A34C-C019E4107242}
		{28101B6A-6DFB-4EAE-81FC-E93E20534830} = {E1DA45FA-A68E-4FBE-9C62-22B80AEB1C7F}
		{4EF45937-89A7-49BF-B310-BAC5C29B532D} = {E1DA45FA-A68E-4FBE-9C62-22B80AEB1C7F}
		{53CA0CA6-EF4E-41F6-94CE-8669BB00E611} = {39F301D9-6CC8-4C91-AD77-69F1E3173827}
		{1D57E924-BBC1-42D3-B7F5-91467E7FB92F} = {009B5708-83D7-4B7E-8019-5EEF5CD18DB3}
		{94B98583-9A60-48D7-ACD2-017D28EEB651} = {009B5708-83D7-4B7E-8019-5EEF5CD18DB3}
		{A7D9EEB1-0BBE-4658-8611-E81F8A778FF3} = {009B5708-83D7-4B7E-8019-5EEF5CD18DB3}
		{87C063B1-8201-48CD-AFBA-972AF77EB408} = {4E3288A9-9E52-4226-AFAC-A67D5E65466A}
		{CA8B6697-E600-4ADA-8E73-E161F8C74C1E} = {33BC2CEB-DD69-4F4D-AE66-B2A771F16F3E}
		{B3B07774-6A8F-45AC-B95C-F5A5E75BAD99} = {A06D426F-74D0-4C67-8FE2-25274DDB64C9}
		{E1CCCE1C-298A-47EF-B1FE-43750BE51A39} = {A06D426F-74D0-4C67-8FE2-25274DDB64C9}
		{E2C6C21C-7786-4CCC-9F02-211B46C602AF} = {A06D426F-74D0-4C67-8FE2-25274DDB64C9}
		{CBF85D3E-C526-45D3-A476-5510BD5AD0DD} = {73C6B3AE-C1F3-4705-A80C-D356B65E824D}
		{827F3AFF-852D-4910-9911-0E2FC19B1855} = {73C6B3AE-C1F3-4705-A80C-D356B65E824D}
		{E8018534-B52C-4952-B6D9-91C2E1E254D2} = {73C6B3AE-C1F3-4705-A80C-D356B65E824D}
		{3E786102-20DB-48FC-810E-7E34627D1BC8} = {BFD62B70-8425-4EE3-B3D5-7A03DD7189D1}
		{AABED105-CE77-469C-8C2E-C2B1878CA664} = {BFD62B70-8425-4EE3-B3D5-7A03DD7189D1}
		{FFB38099-AE54-4DD3-A6A4-A583632E87FA} = {BFD62B70-8425-4EE3-B3D5-7A03DD7189D1}
		{7C40F8B4-437C-46F9-8814-F35773B8BB05} = {DF6594B1-B69A-49F0-B1F8-C3D54AE1613B}
		{C4E91908-5D73-4A26-BB80-BE8695666CBE} = {D121DD9E-BC3E-427E-A34C-C019E4107242}
	EndGlobalSection
	GlobalSection(ExtensibilityGlobals) = postSolution
		SolutionGuid = {DB397D65-5AE9-45D7-B975-511AA47527A8}
	EndGlobalSection
EndGlobal
