
Microsoft Visual Studio Solution File, Format Version 12.00
# Visual Studio Version 16
VisualStudioVersion = 16.0.30717.126
MinimumVisualStudioVersion = 10.0.40219.1
Project("{9A19103F-16F7-4668-BE54-9A1E7A4F7556}") = "Salon.Core", "Salon.Core\Salon.Core.csproj", "{910A5EEC-E03A-4EF8-8D95-B4617EBBCA60}"
EndProject
Project("{2150E333-8FDC-42A3-9474-1A3956D46DE8}") = "Core", "Core", "{C0E67115-B23E-4850-A290-A4DA034F6206}"
EndProject
Project("{9A19103F-16F7-4668-BE54-9A1E7A4F7556}") = "Salon.Application", "Salon.Application\Salon.Application.csproj", "{3EC6E86A-F32D-45F7-90E5-B28847B02F2E}"
EndProject
Project("{2150E333-8FDC-42A3-9474-1A3956D46DE8}") = "Presentation", "Presentation", "{7A9F3723-A024-445F-A121-147DA419976D}"
EndProject
Project("{9A19103F-16F7-4668-BE54-9A1E7A4F7556}") = "Salon.WebUI", "Salon.WebUI\Salon.WebUI.csproj", "{ECBCAE5F-9104-4305-8469-60D7619C3CE1}"
EndProject
Project("{FAE04EC0-301F-11D3-BF4B-00C04F79EFBC}") = "Salon.Mobile.Android", "Salon.Mobile\Salon.Mobile.Android\Salon.Mobile.Android.csproj", "{A58FEE6D-5388-423D-B56F-D607F8E85FE7}"
EndProject
Project("{FAE04EC0-301F-11D3-BF4B-00C04F79EFBC}") = "Salon.Mobile.iOS", "Salon.Mobile\Salon.Mobile.iOS\Salon.Mobile.iOS.csproj", "{B61E3320-D581-46C0-A5D2-41EE284CDC2E}"
EndProject
Project("{9A19103F-16F7-4668-BE54-9A1E7A4F7556}") = "Salon.Mobile", "Salon.Mobile\Salon.Mobile\Salon.Mobile.csproj", "{03A5CD2D-E467-4AAD-A076-DE92A5FD3D75}"
EndProject
Project("{2150E333-8FDC-42A3-9474-1A3956D46DE8}") = "MobileUI", "MobileUI", "{595D2A25-FA1C-45A0-9E92-32B8D02DBD0F}"
EndProject
Project("{2150E333-8FDC-42A3-9474-1A3956D46DE8}") = "WebUI", "WebUI", "{E1DA45FA-A68E-4FBE-9C62-22B80AEB1C7F}"
EndProject
Project("{2150E333-8FDC-42A3-9474-1A3956D46DE8}") = "WinUI", "WinUI", "{6F1E1DA0-E334-45DD-9232-C2D3A99DD725}"
EndProject
Project("{9A19103F-16F7-4668-BE54-9A1E7A4F7556}") = "Salon.Blazor", "Salon.Blazor\Salon.Blazor.csproj", "{2E7989DD-69FE-418E-B6FD-05496AAE9CB8}"
EndProject
Project("{9A19103F-16F7-4668-BE54-9A1E7A4F7556}") = "Salon.WPF", "Salon.WPF\Salon.WPF.csproj", "{7D946F69-9930-4ADF-B9E3-6FBE35BB95C0}"
EndProject
Project("{9A19103F-16F7-4668-BE54-9A1E7A4F7556}") = "Salon.Common", "Salon.Common\Salon.Common.csproj", "{2462089D-8DF3-49A9-8EB9-F722873DE422}"
EndProject
Project("{9A19103F-16F7-4668-BE54-9A1E7A4F7556}") = "Salon.Domain", "Salon.Domain\Salon.Domain.csproj", "{AA4AF7C8-F6B0-46FF-841D-2A52698A05AA}"
EndProject
Project("{2150E333-8FDC-42A3-9474-1A3956D46DE8}") = "APIGateway", "APIGateway", "{39F301D9-6CC8-4C91-AD77-69F1E3173827}"
EndProject
Project("{2150E333-8FDC-42A3-9474-1A3956D46DE8}") = "Services", "Services", "{25417E5C-675D-48EE-8E75-80C04F9EA1FA}"
EndProject
Project("{2150E333-8FDC-42A3-9474-1A3956D46DE8}") = "Customer", "Customer", "{009B5708-83D7-4B7E-8019-5EEF5CD18DB3}"
EndProject
Project("{2150E333-8FDC-42A3-9474-1A3956D46DE8}") = "Wallet", "Wallet", "{DF6594B1-B69A-49F0-B1F8-C3D54AE1613B}"
EndProject
Project("{2150E333-8FDC-42A3-9474-1A3956D46DE8}") = "Salon", "Salon", "{BFD62B70-8425-4EE3-B3D5-7A03DD7189D1}"
EndProject
Project("{2150E333-8FDC-42A3-9474-1A3956D46DE8}") = "Location", "Location", "{33BC2CEB-DD69-4F4D-AE66-B2A771F16F3E}"
EndProject
Project("{2150E333-8FDC-42A3-9474-1A3956D46DE8}") = "Identity", "Identity", "{4E3288A9-9E52-4226-AFAC-A67D5E65466A}"
EndProject
Project("{9A19103F-16F7-4668-BE54-9A1E7A4F7556}") = "Salon.WalletBase.API", "Salon.Wallet.API\Salon.WalletBase.API.csproj", "{37CF9D14-5B39-487C-AAEE-A4456D0B7A5F}"
EndProject
Project("{9A19103F-16F7-4668-BE54-9A1E7A4F7556}") = "Salon.LocationBase.API", "Salon.Location.API\Salon.LocationBase.API.csproj", "{72910266-221E-4B84-9386-D9F18849986B}"
EndProject
Project("{2150E333-8FDC-42A3-9474-1A3956D46DE8}") = "Payment", "Payment", "{73C6B3AE-C1F3-4705-A80C-D356B65E824D}"
EndProject
Project("{9A19103F-16F7-4668-BE54-9A1E7A4F7556}") = "Salon.PaymentBase.API", "Salon.Payment.API\Salon.PaymentBase.API.csproj", "{F144CEE7-7964-4A03-A443-69457317E04F}"
EndProject
Project("{2150E333-8FDC-42A3-9474-1A3956D46DE8}") = "Common", "Common", "{D121DD9E-BC3E-427E-A34C-C019E4107242}"
EndProject
Project("{9A19103F-16F7-4668-BE54-9A1E7A4F7556}") = "Salon.Identity.API", "Salon.Identity.API\Salon.Identity.API.csproj", "{18CC4563-3F10-4ADB-B4E7-DD7FEC84E15B}"
EndProject
Project("{2150E333-8FDC-42A3-9474-1A3956D46DE8}") = "Order", "Order", "{A06D426F-74D0-4C67-8FE2-25274DDB64C9}"
EndProject
Project("{9A19103F-16F7-4668-BE54-9A1E7A4F7556}") = "Salon.Orderbase.API", "Salon.Orderbase.API\Salon.Orderbase.API.csproj", "{930916B8-EE54-4FA0-9C05-2318F3765925}"
EndProject
Project("{9A19103F-16F7-4668-BE54-9A1E7A4F7556}") = "Salon.CustomerBase.Core", "Salon.CustomerBase.Core\Salon.CustomerBase.Core.csproj", "{A30AFE1E-D821-43B3-AEF7-1570CBD87B06}"
EndProject
Project("{9A19103F-16F7-4668-BE54-9A1E7A4F7556}") = "Salon.CustomerBase.Infrastructure", "Salon.CustomerBase.Infrastructure\Salon.CustomerBase.Infrastructure.csproj", "{5BBB7E04-00C8-4066-92CD-711AC56C591B}"
	ProjectSection(ProjectDependencies) = postProject
		{A30AFE1E-D821-43B3-AEF7-1570CBD87B06} = {A30AFE1E-D821-43B3-AEF7-1570CBD87B06}
	EndProjectSection
EndProject
Project("{9A19103F-16F7-4668-BE54-9A1E7A4F7556}") = "Salon.BarberShopBase.Core", "Salon.BarberShop.Core\Salon.BarberShopBase.Core.csproj", "{4219E741-BC9F-4212-9866-B4AF9896FC0B}"
EndProject
Project("{9A19103F-16F7-4668-BE54-9A1E7A4F7556}") = "Salon.OrderBase.Core", "Salon.OrderBase.Core\Salon.OrderBase.Core.csproj", "{A00AE481-A986-45FC-A9C1-98B84336AF0F}"
EndProject
Project("{9A19103F-16F7-4668-BE54-9A1E7A4F7556}") = "Salon.OrderBase.Infrastructure", "Salon.OrderBase.Infrastructure\Salon.OrderBase.Infrastructure.csproj", "{1C32F0D5-F675-426C-B02C-AF68E9E3F2F8}"
EndProject
Project("{9A19103F-16F7-4668-BE54-9A1E7A4F7556}") = "Salon.GatewayBase.Ocelot", "Salon.GatewayBase.Ocelot\Salon.GatewayBase.Ocelot.csproj", "{B128DDAF-E5CE-4BE2-BD19-5DBA18A43332}"
EndProject
Project("{9A19103F-16F7-4668-BE54-9A1E7A4F7556}") = "Salon.PaymentBase.Core", "Salon.PaymentBase.Core\Salon.PaymentBase.Core.csproj", "{A1C0BD5C-158D-4104-9298-B9E587AFC96A}"
EndProject
Project("{9A19103F-16F7-4668-BE54-9A1E7A4F7556}") = "Salon.PaymentBase.Infrastructure", "Salon.PaymentBase.Infrastructure\Salon.PaymentBase.Infrastructure.csproj", "{8691C62F-F753-4C99-9EC7-8EAF4A169E14}"
EndProject
Project("{9A19103F-16F7-4668-BE54-9A1E7A4F7556}") = "Salon.BarberShopBase.Infrastructure", "Salon.BarberShopBase.Infrastructure\Salon.BarberShopBase.Infrastructure.csproj", "{62D96F16-B69D-467B-AFD9-64831EDCB67B}"
EndProject
Project("{9A19103F-16F7-4668-BE54-9A1E7A4F7556}") = "Salon.BarberShopBase.API", "Salon.BarberShopBase.API\Salon.BarberShopBase.API.csproj", "{281A1338-2796-4552-B081-86CF775D2515}"
EndProject
Project("{9A19103F-16F7-4668-BE54-9A1E7A4F7556}") = "Salon.CustomerBase.API", "Salon.CustomerBase.API\Salon.CustomerBase.API.csproj", "{4E18AC7E-D380-43FD-8135-4795845A75E2}"
EndProject
Global
	GlobalSection(SolutionConfigurationPlatforms) = preSolution
		Debug|Any CPU = Debug|Any CPU
		Debug|iPhone = Debug|iPhone
		Debug|iPhoneSimulator = Debug|iPhoneSimulator
		Release|Any CPU = Release|Any CPU
		Release|iPhone = Release|iPhone
		Release|iPhoneSimulator = Release|iPhoneSimulator
	EndGlobalSection
	GlobalSection(ProjectConfigurationPlatforms) = postSolution
		{910A5EEC-E03A-4EF8-8D95-B4617EBBCA60}.Debug|Any CPU.ActiveCfg = Debug|Any CPU
		{910A5EEC-E03A-4EF8-8D95-B4617EBBCA60}.Debug|Any CPU.Build.0 = Debug|Any CPU
		{910A5EEC-E03A-4EF8-8D95-B4617EBBCA60}.Debug|iPhone.ActiveCfg = Debug|Any CPU
		{910A5EEC-E03A-4EF8-8D95-B4617EBBCA60}.Debug|iPhone.Build.0 = Debug|Any CPU
		{910A5EEC-E03A-4EF8-8D95-B4617EBBCA60}.Debug|iPhoneSimulator.ActiveCfg = Debug|Any CPU
		{910A5EEC-E03A-4EF8-8D95-B4617EBBCA60}.Debug|iPhoneSimulator.Build.0 = Debug|Any CPU
		{910A5EEC-E03A-4EF8-8D95-B4617EBBCA60}.Release|Any CPU.ActiveCfg = Release|Any CPU
		{910A5EEC-E03A-4EF8-8D95-B4617EBBCA60}.Release|Any CPU.Build.0 = Release|Any CPU
		{910A5EEC-E03A-4EF8-8D95-B4617EBBCA60}.Release|iPhone.ActiveCfg = Release|Any CPU
		{910A5EEC-E03A-4EF8-8D95-B4617EBBCA60}.Release|iPhone.Build.0 = Release|Any CPU
		{910A5EEC-E03A-4EF8-8D95-B4617EBBCA60}.Release|iPhoneSimulator.ActiveCfg = Release|Any CPU
		{910A5EEC-E03A-4EF8-8D95-B4617EBBCA60}.Release|iPhoneSimulator.Build.0 = Release|Any CPU
		{3EC6E86A-F32D-45F7-90E5-B28847B02F2E}.Debug|Any CPU.ActiveCfg = Debug|Any CPU
		{3EC6E86A-F32D-45F7-90E5-B28847B02F2E}.Debug|Any CPU.Build.0 = Debug|Any CPU
		{3EC6E86A-F32D-45F7-90E5-B28847B02F2E}.Debug|iPhone.ActiveCfg = Debug|Any CPU
		{3EC6E86A-F32D-45F7-90E5-B28847B02F2E}.Debug|iPhone.Build.0 = Debug|Any CPU
		{3EC6E86A-F32D-45F7-90E5-B28847B02F2E}.Debug|iPhoneSimulator.ActiveCfg = Debug|Any CPU
		{3EC6E86A-F32D-45F7-90E5-B28847B02F2E}.Debug|iPhoneSimulator.Build.0 = Debug|Any CPU
		{3EC6E86A-F32D-45F7-90E5-B28847B02F2E}.Release|Any CPU.ActiveCfg = Release|Any CPU
		{3EC6E86A-F32D-45F7-90E5-B28847B02F2E}.Release|Any CPU.Build.0 = Release|Any CPU
		{3EC6E86A-F32D-45F7-90E5-B28847B02F2E}.Release|iPhone.ActiveCfg = Release|Any CPU
		{3EC6E86A-F32D-45F7-90E5-B28847B02F2E}.Release|iPhone.Build.0 = Release|Any CPU
		{3EC6E86A-F32D-45F7-90E5-B28847B02F2E}.Release|iPhoneSimulator.ActiveCfg = Release|Any CPU
		{3EC6E86A-F32D-45F7-90E5-B28847B02F2E}.Release|iPhoneSimulator.Build.0 = Release|Any CPU
		{ECBCAE5F-9104-4305-8469-60D7619C3CE1}.Debug|Any CPU.ActiveCfg = Debug|Any CPU
		{ECBCAE5F-9104-4305-8469-60D7619C3CE1}.Debug|Any CPU.Build.0 = Debug|Any CPU
		{ECBCAE5F-9104-4305-8469-60D7619C3CE1}.Debug|iPhone.ActiveCfg = Debug|Any CPU
		{ECBCAE5F-9104-4305-8469-60D7619C3CE1}.Debug|iPhone.Build.0 = Debug|Any CPU
		{ECBCAE5F-9104-4305-8469-60D7619C3CE1}.Debug|iPhoneSimulator.ActiveCfg = Debug|Any CPU
		{ECBCAE5F-9104-4305-8469-60D7619C3CE1}.Debug|iPhoneSimulator.Build.0 = Debug|Any CPU
		{ECBCAE5F-9104-4305-8469-60D7619C3CE1}.Release|Any CPU.ActiveCfg = Release|Any CPU
		{ECBCAE5F-9104-4305-8469-60D7619C3CE1}.Release|Any CPU.Build.0 = Release|Any CPU
		{ECBCAE5F-9104-4305-8469-60D7619C3CE1}.Release|iPhone.ActiveCfg = Release|Any CPU
		{ECBCAE5F-9104-4305-8469-60D7619C3CE1}.Release|iPhone.Build.0 = Release|Any CPU
		{ECBCAE5F-9104-4305-8469-60D7619C3CE1}.Release|iPhoneSimulator.ActiveCfg = Release|Any CPU
		{ECBCAE5F-9104-4305-8469-60D7619C3CE1}.Release|iPhoneSimulator.Build.0 = Release|Any CPU
		{A58FEE6D-5388-423D-B56F-D607F8E85FE7}.Debug|Any CPU.ActiveCfg = Debug|Any CPU
		{A58FEE6D-5388-423D-B56F-D607F8E85FE7}.Debug|Any CPU.Build.0 = Debug|Any CPU
		{A58FEE6D-5388-423D-B56F-D607F8E85FE7}.Debug|Any CPU.Deploy.0 = Debug|Any CPU
		{A58FEE6D-5388-423D-B56F-D607F8E85FE7}.Debug|iPhone.ActiveCfg = Debug|Any CPU
		{A58FEE6D-5388-423D-B56F-D607F8E85FE7}.Debug|iPhone.Build.0 = Debug|Any CPU
		{A58FEE6D-5388-423D-B56F-D607F8E85FE7}.Debug|iPhone.Deploy.0 = Debug|Any CPU
		{A58FEE6D-5388-423D-B56F-D607F8E85FE7}.Debug|iPhoneSimulator.ActiveCfg = Debug|Any CPU
		{A58FEE6D-5388-423D-B56F-D607F8E85FE7}.Debug|iPhoneSimulator.Build.0 = Debug|Any CPU
		{A58FEE6D-5388-423D-B56F-D607F8E85FE7}.Debug|iPhoneSimulator.Deploy.0 = Debug|Any CPU
		{A58FEE6D-5388-423D-B56F-D607F8E85FE7}.Release|Any CPU.ActiveCfg = Release|Any CPU
		{A58FEE6D-5388-423D-B56F-D607F8E85FE7}.Release|Any CPU.Build.0 = Release|Any CPU
		{A58FEE6D-5388-423D-B56F-D607F8E85FE7}.Release|Any CPU.Deploy.0 = Release|Any CPU
		{A58FEE6D-5388-423D-B56F-D607F8E85FE7}.Release|iPhone.ActiveCfg = Release|Any CPU
		{A58FEE6D-5388-423D-B56F-D607F8E85FE7}.Release|iPhone.Build.0 = Release|Any CPU
		{A58FEE6D-5388-423D-B56F-D607F8E85FE7}.Release|iPhone.Deploy.0 = Release|Any CPU
		{A58FEE6D-5388-423D-B56F-D607F8E85FE7}.Release|iPhoneSimulator.ActiveCfg = Release|Any CPU
		{A58FEE6D-5388-423D-B56F-D607F8E85FE7}.Release|iPhoneSimulator.Build.0 = Release|Any CPU
		{A58FEE6D-5388-423D-B56F-D607F8E85FE7}.Release|iPhoneSimulator.Deploy.0 = Release|Any CPU
		{B61E3320-D581-46C0-A5D2-41EE284CDC2E}.Debug|Any CPU.ActiveCfg = Debug|iPhoneSimulator
		{B61E3320-D581-46C0-A5D2-41EE284CDC2E}.Debug|iPhone.ActiveCfg = Debug|iPhone
		{B61E3320-D581-46C0-A5D2-41EE284CDC2E}.Debug|iPhone.Build.0 = Debug|iPhone
		{B61E3320-D581-46C0-A5D2-41EE284CDC2E}.Debug|iPhoneSimulator.ActiveCfg = Debug|iPhoneSimulator
		{B61E3320-D581-46C0-A5D2-41EE284CDC2E}.Debug|iPhoneSimulator.Build.0 = Debug|iPhoneSimulator
		{B61E3320-D581-46C0-A5D2-41EE284CDC2E}.Release|Any CPU.ActiveCfg = Release|iPhoneSimulator
		{B61E3320-D581-46C0-A5D2-41EE284CDC2E}.Release|iPhone.ActiveCfg = Release|iPhone
		{B61E3320-D581-46C0-A5D2-41EE284CDC2E}.Release|iPhone.Build.0 = Release|iPhone
		{B61E3320-D581-46C0-A5D2-41EE284CDC2E}.Release|iPhoneSimulator.ActiveCfg = Release|iPhoneSimulator
		{B61E3320-D581-46C0-A5D2-41EE284CDC2E}.Release|iPhoneSimulator.Build.0 = Release|iPhoneSimulator
		{03A5CD2D-E467-4AAD-A076-DE92A5FD3D75}.Debug|Any CPU.ActiveCfg = Debug|Any CPU
		{03A5CD2D-E467-4AAD-A076-DE92A5FD3D75}.Debug|Any CPU.Build.0 = Debug|Any CPU
		{03A5CD2D-E467-4AAD-A076-DE92A5FD3D75}.Debug|iPhone.ActiveCfg = Debug|Any CPU
		{03A5CD2D-E467-4AAD-A076-DE92A5FD3D75}.Debug|iPhone.Build.0 = Debug|Any CPU
		{03A5CD2D-E467-4AAD-A076-DE92A5FD3D75}.Debug|iPhoneSimulator.ActiveCfg = Debug|Any CPU
		{03A5CD2D-E467-4AAD-A076-DE92A5FD3D75}.Debug|iPhoneSimulator.Build.0 = Debug|Any CPU
		{03A5CD2D-E467-4AAD-A076-DE92A5FD3D75}.Release|Any CPU.ActiveCfg = Release|Any CPU
		{03A5CD2D-E467-4AAD-A076-DE92A5FD3D75}.Release|Any CPU.Build.0 = Release|Any CPU
		{03A5CD2D-E467-4AAD-A076-DE92A5FD3D75}.Release|iPhone.ActiveCfg = Release|Any CPU
		{03A5CD2D-E467-4AAD-A076-DE92A5FD3D75}.Release|iPhone.Build.0 = Release|Any CPU
		{03A5CD2D-E467-4AAD-A076-DE92A5FD3D75}.Release|iPhoneSimulator.ActiveCfg = Release|Any CPU
		{03A5CD2D-E467-4AAD-A076-DE92A5FD3D75}.Release|iPhoneSimulator.Build.0 = Release|Any CPU
		{2E7989DD-69FE-418E-B6FD-05496AAE9CB8}.Debug|Any CPU.ActiveCfg = Debug|Any CPU
		{2E7989DD-69FE-418E-B6FD-05496AAE9CB8}.Debug|Any CPU.Build.0 = Debug|Any CPU
		{2E7989DD-69FE-418E-B6FD-05496AAE9CB8}.Debug|iPhone.ActiveCfg = Debug|Any CPU
		{2E7989DD-69FE-418E-B6FD-05496AAE9CB8}.Debug|iPhone.Build.0 = Debug|Any CPU
		{2E7989DD-69FE-418E-B6FD-05496AAE9CB8}.Debug|iPhoneSimulator.ActiveCfg = Debug|Any CPU
		{2E7989DD-69FE-418E-B6FD-05496AAE9CB8}.Debug|iPhoneSimulator.Build.0 = Debug|Any CPU
		{2E7989DD-69FE-418E-B6FD-05496AAE9CB8}.Release|Any CPU.ActiveCfg = Release|Any CPU
		{2E7989DD-69FE-418E-B6FD-05496AAE9CB8}.Release|Any CPU.Build.0 = Release|Any CPU
		{2E7989DD-69FE-418E-B6FD-05496AAE9CB8}.Release|iPhone.ActiveCfg = Release|Any CPU
		{2E7989DD-69FE-418E-B6FD-05496AAE9CB8}.Release|iPhone.Build.0 = Release|Any CPU
		{2E7989DD-69FE-418E-B6FD-05496AAE9CB8}.Release|iPhoneSimulator.ActiveCfg = Release|Any CPU
		{2E7989DD-69FE-418E-B6FD-05496AAE9CB8}.Release|iPhoneSimulator.Build.0 = Release|Any CPU
		{7D946F69-9930-4ADF-B9E3-6FBE35BB95C0}.Debug|Any CPU.ActiveCfg = Debug|Any CPU
		{7D946F69-9930-4ADF-B9E3-6FBE35BB95C0}.Debug|Any CPU.Build.0 = Debug|Any CPU
		{7D946F69-9930-4ADF-B9E3-6FBE35BB95C0}.Debug|iPhone.ActiveCfg = Debug|Any CPU
		{7D946F69-9930-4ADF-B9E3-6FBE35BB95C0}.Debug|iPhone.Build.0 = Debug|Any CPU
		{7D946F69-9930-4ADF-B9E3-6FBE35BB95C0}.Debug|iPhoneSimulator.ActiveCfg = Debug|Any CPU
		{7D946F69-9930-4ADF-B9E3-6FBE35BB95C0}.Debug|iPhoneSimulator.Build.0 = Debug|Any CPU
		{7D946F69-9930-4ADF-B9E3-6FBE35BB95C0}.Release|Any CPU.ActiveCfg = Release|Any CPU
		{7D946F69-9930-4ADF-B9E3-6FBE35BB95C0}.Release|Any CPU.Build.0 = Release|Any CPU
		{7D946F69-9930-4ADF-B9E3-6FBE35BB95C0}.Release|iPhone.ActiveCfg = Release|Any CPU
		{7D946F69-9930-4ADF-B9E3-6FBE35BB95C0}.Release|iPhone.Build.0 = Release|Any CPU
		{7D946F69-9930-4ADF-B9E3-6FBE35BB95C0}.Release|iPhoneSimulator.ActiveCfg = Release|Any CPU
		{7D946F69-9930-4ADF-B9E3-6FBE35BB95C0}.Release|iPhoneSimulator.Build.0 = Release|Any CPU
		{2462089D-8DF3-49A9-8EB9-F722873DE422}.Debug|Any CPU.ActiveCfg = Debug|Any CPU
		{2462089D-8DF3-49A9-8EB9-F722873DE422}.Debug|Any CPU.Build.0 = Debug|Any CPU
		{2462089D-8DF3-49A9-8EB9-F722873DE422}.Debug|iPhone.ActiveCfg = Debug|Any CPU
		{2462089D-8DF3-49A9-8EB9-F722873DE422}.Debug|iPhone.Build.0 = Debug|Any CPU
		{2462089D-8DF3-49A9-8EB9-F722873DE422}.Debug|iPhoneSimulator.ActiveCfg = Debug|Any CPU
		{2462089D-8DF3-49A9-8EB9-F722873DE422}.Debug|iPhoneSimulator.Build.0 = Debug|Any CPU
		{2462089D-8DF3-49A9-8EB9-F722873DE422}.Release|Any CPU.ActiveCfg = Release|Any CPU
		{2462089D-8DF3-49A9-8EB9-F722873DE422}.Release|Any CPU.Build.0 = Release|Any CPU
		{2462089D-8DF3-49A9-8EB9-F722873DE422}.Release|iPhone.ActiveCfg = Release|Any CPU
		{2462089D-8DF3-49A9-8EB9-F722873DE422}.Release|iPhone.Build.0 = Release|Any CPU
		{2462089D-8DF3-49A9-8EB9-F722873DE422}.Release|iPhoneSimulator.ActiveCfg = Release|Any CPU
		{2462089D-8DF3-49A9-8EB9-F722873DE422}.Release|iPhoneSimulator.Build.0 = Release|Any CPU
		{AA4AF7C8-F6B0-46FF-841D-2A52698A05AA}.Debug|Any CPU.ActiveCfg = Debug|Any CPU
		{AA4AF7C8-F6B0-46FF-841D-2A52698A05AA}.Debug|Any CPU.Build.0 = Debug|Any CPU
		{AA4AF7C8-F6B0-46FF-841D-2A52698A05AA}.Debug|iPhone.ActiveCfg = Debug|Any CPU
		{AA4AF7C8-F6B0-46FF-841D-2A52698A05AA}.Debug|iPhone.Build.0 = Debug|Any CPU
		{AA4AF7C8-F6B0-46FF-841D-2A52698A05AA}.Debug|iPhoneSimulator.ActiveCfg = Debug|Any CPU
		{AA4AF7C8-F6B0-46FF-841D-2A52698A05AA}.Debug|iPhoneSimulator.Build.0 = Debug|Any CPU
		{AA4AF7C8-F6B0-46FF-841D-2A52698A05AA}.Release|Any CPU.ActiveCfg = Release|Any CPU
		{AA4AF7C8-F6B0-46FF-841D-2A52698A05AA}.Release|Any CPU.Build.0 = Release|Any CPU
		{AA4AF7C8-F6B0-46FF-841D-2A52698A05AA}.Release|iPhone.ActiveCfg = Release|Any CPU
		{AA4AF7C8-F6B0-46FF-841D-2A52698A05AA}.Release|iPhone.Build.0 = Release|Any CPU
		{AA4AF7C8-F6B0-46FF-841D-2A52698A05AA}.Release|iPhoneSimulator.ActiveCfg = Release|Any CPU
		{AA4AF7C8-F6B0-46FF-841D-2A52698A05AA}.Release|iPhoneSimulator.Build.0 = Release|Any CPU
		{37CF9D14-5B39-487C-AAEE-A4456D0B7A5F}.Debug|Any CPU.ActiveCfg = Debug|Any CPU
		{37CF9D14-5B39-487C-AAEE-A4456D0B7A5F}.Debug|Any CPU.Build.0 = Debug|Any CPU
		{37CF9D14-5B39-487C-AAEE-A4456D0B7A5F}.Debug|iPhone.ActiveCfg = Debug|Any CPU
		{37CF9D14-5B39-487C-AAEE-A4456D0B7A5F}.Debug|iPhone.Build.0 = Debug|Any CPU
		{37CF9D14-5B39-487C-AAEE-A4456D0B7A5F}.Debug|iPhoneSimulator.ActiveCfg = Debug|Any CPU
		{37CF9D14-5B39-487C-AAEE-A4456D0B7A5F}.Debug|iPhoneSimulator.Build.0 = Debug|Any CPU
		{37CF9D14-5B39-487C-AAEE-A4456D0B7A5F}.Release|Any CPU.ActiveCfg = Release|Any CPU
		{37CF9D14-5B39-487C-AAEE-A4456D0B7A5F}.Release|Any CPU.Build.0 = Release|Any CPU
		{37CF9D14-5B39-487C-AAEE-A4456D0B7A5F}.Release|iPhone.ActiveCfg = Release|Any CPU
		{37CF9D14-5B39-487C-AAEE-A4456D0B7A5F}.Release|iPhone.Build.0 = Release|Any CPU
		{37CF9D14-5B39-487C-AAEE-A4456D0B7A5F}.Release|iPhoneSimulator.ActiveCfg = Release|Any CPU
		{37CF9D14-5B39-487C-AAEE-A4456D0B7A5F}.Release|iPhoneSimulator.Build.0 = Release|Any CPU
		{72910266-221E-4B84-9386-D9F18849986B}.Debug|Any CPU.ActiveCfg = Debug|Any CPU
		{72910266-221E-4B84-9386-D9F18849986B}.Debug|Any CPU.Build.0 = Debug|Any CPU
		{72910266-221E-4B84-9386-D9F18849986B}.Debug|iPhone.ActiveCfg = Debug|Any CPU
		{72910266-221E-4B84-9386-D9F18849986B}.Debug|iPhone.Build.0 = Debug|Any CPU
		{72910266-221E-4B84-9386-D9F18849986B}.Debug|iPhoneSimulator.ActiveCfg = Debug|Any CPU
		{72910266-221E-4B84-9386-D9F18849986B}.Debug|iPhoneSimulator.Build.0 = Debug|Any CPU
		{72910266-221E-4B84-9386-D9F18849986B}.Release|Any CPU.ActiveCfg = Release|Any CPU
		{72910266-221E-4B84-9386-D9F18849986B}.Release|Any CPU.Build.0 = Release|Any CPU
		{72910266-221E-4B84-9386-D9F18849986B}.Release|iPhone.ActiveCfg = Release|Any CPU
		{72910266-221E-4B84-9386-D9F18849986B}.Release|iPhone.Build.0 = Release|Any CPU
		{72910266-221E-4B84-9386-D9F18849986B}.Release|iPhoneSimulator.ActiveCfg = Release|Any CPU
		{72910266-221E-4B84-9386-D9F18849986B}.Release|iPhoneSimulator.Build.0 = Release|Any CPU
		{F144CEE7-7964-4A03-A443-69457317E04F}.Debug|Any CPU.ActiveCfg = Debug|Any CPU
		{F144CEE7-7964-4A03-A443-69457317E04F}.Debug|Any CPU.Build.0 = Debug|Any CPU
		{F144CEE7-7964-4A03-A443-69457317E04F}.Debug|iPhone.ActiveCfg = Debug|Any CPU
		{F144CEE7-7964-4A03-A443-69457317E04F}.Debug|iPhone.Build.0 = Debug|Any CPU
		{F144CEE7-7964-4A03-A443-69457317E04F}.Debug|iPhoneSimulator.ActiveCfg = Debug|Any CPU
		{F144CEE7-7964-4A03-A443-69457317E04F}.Debug|iPhoneSimulator.Build.0 = Debug|Any CPU
		{F144CEE7-7964-4A03-A443-69457317E04F}.Release|Any CPU.ActiveCfg = Release|Any CPU
		{F144CEE7-7964-4A03-A443-69457317E04F}.Release|Any CPU.Build.0 = Release|Any CPU
		{F144CEE7-7964-4A03-A443-69457317E04F}.Release|iPhone.ActiveCfg = Release|Any CPU
		{F144CEE7-7964-4A03-A443-69457317E04F}.Release|iPhone.Build.0 = Release|Any CPU
		{F144CEE7-7964-4A03-A443-69457317E04F}.Release|iPhoneSimulator.ActiveCfg = Release|Any CPU
		{F144CEE7-7964-4A03-A443-69457317E04F}.Release|iPhoneSimulator.Build.0 = Release|Any CPU
		{18CC4563-3F10-4ADB-B4E7-DD7FEC84E15B}.Debug|Any CPU.ActiveCfg = Debug|Any CPU
		{18CC4563-3F10-4ADB-B4E7-DD7FEC84E15B}.Debug|Any CPU.Build.0 = Debug|Any CPU
		{18CC4563-3F10-4ADB-B4E7-DD7FEC84E15B}.Debug|iPhone.ActiveCfg = Debug|Any CPU
		{18CC4563-3F10-4ADB-B4E7-DD7FEC84E15B}.Debug|iPhone.Build.0 = Debug|Any CPU
		{18CC4563-3F10-4ADB-B4E7-DD7FEC84E15B}.Debug|iPhoneSimulator.ActiveCfg = Debug|Any CPU
		{18CC4563-3F10-4ADB-B4E7-DD7FEC84E15B}.Debug|iPhoneSimulator.Build.0 = Debug|Any CPU
		{18CC4563-3F10-4ADB-B4E7-DD7FEC84E15B}.Release|Any CPU.ActiveCfg = Release|Any CPU
		{18CC4563-3F10-4ADB-B4E7-DD7FEC84E15B}.Release|Any CPU.Build.0 = Release|Any CPU
		{18CC4563-3F10-4ADB-B4E7-DD7FEC84E15B}.Release|iPhone.ActiveCfg = Release|Any CPU
		{18CC4563-3F10-4ADB-B4E7-DD7FEC84E15B}.Release|iPhone.Build.0 = Release|Any CPU
		{18CC4563-3F10-4ADB-B4E7-DD7FEC84E15B}.Release|iPhoneSimulator.ActiveCfg = Release|Any CPU
		{18CC4563-3F10-4ADB-B4E7-DD7FEC84E15B}.Release|iPhoneSimulator.Build.0 = Release|Any CPU
		{930916B8-EE54-4FA0-9C05-2318F3765925}.Debug|Any CPU.ActiveCfg = Debug|Any CPU
		{930916B8-EE54-4FA0-9C05-2318F3765925}.Debug|Any CPU.Build.0 = Debug|Any CPU
		{930916B8-EE54-4FA0-9C05-2318F3765925}.Debug|iPhone.ActiveCfg = Debug|Any CPU
		{930916B8-EE54-4FA0-9C05-2318F3765925}.Debug|iPhone.Build.0 = Debug|Any CPU
		{930916B8-EE54-4FA0-9C05-2318F3765925}.Debug|iPhoneSimulator.ActiveCfg = Debug|Any CPU
		{930916B8-EE54-4FA0-9C05-2318F3765925}.Debug|iPhoneSimulator.Build.0 = Debug|Any CPU
		{930916B8-EE54-4FA0-9C05-2318F3765925}.Release|Any CPU.ActiveCfg = Release|Any CPU
		{930916B8-EE54-4FA0-9C05-2318F3765925}.Release|Any CPU.Build.0 = Release|Any CPU
		{930916B8-EE54-4FA0-9C05-2318F3765925}.Release|iPhone.ActiveCfg = Release|Any CPU
		{930916B8-EE54-4FA0-9C05-2318F3765925}.Release|iPhone.Build.0 = Release|Any CPU
		{930916B8-EE54-4FA0-9C05-2318F3765925}.Release|iPhoneSimulator.ActiveCfg = Release|Any CPU
		{930916B8-EE54-4FA0-9C05-2318F3765925}.Release|iPhoneSimulator.Build.0 = Release|Any CPU
		{A30AFE1E-D821-43B3-AEF7-1570CBD87B06}.Debug|Any CPU.ActiveCfg = Debug|Any CPU
		{A30AFE1E-D821-43B3-AEF7-1570CBD87B06}.Debug|Any CPU.Build.0 = Debug|Any CPU
		{A30AFE1E-D821-43B3-AEF7-1570CBD87B06}.Debug|iPhone.ActiveCfg = Debug|Any CPU
		{A30AFE1E-D821-43B3-AEF7-1570CBD87B06}.Debug|iPhone.Build.0 = Debug|Any CPU
		{A30AFE1E-D821-43B3-AEF7-1570CBD87B06}.Debug|iPhoneSimulator.ActiveCfg = Debug|Any CPU
		{A30AFE1E-D821-43B3-AEF7-1570CBD87B06}.Debug|iPhoneSimulator.Build.0 = Debug|Any CPU
		{A30AFE1E-D821-43B3-AEF7-1570CBD87B06}.Release|Any CPU.ActiveCfg = Release|Any CPU
		{A30AFE1E-D821-43B3-AEF7-1570CBD87B06}.Release|Any CPU.Build.0 = Release|Any CPU
		{A30AFE1E-D821-43B3-AEF7-1570CBD87B06}.Release|iPhone.ActiveCfg = Release|Any CPU
		{A30AFE1E-D821-43B3-AEF7-1570CBD87B06}.Release|iPhone.Build.0 = Release|Any CPU
		{A30AFE1E-D821-43B3-AEF7-1570CBD87B06}.Release|iPhoneSimulator.ActiveCfg = Release|Any CPU
		{A30AFE1E-D821-43B3-AEF7-1570CBD87B06}.Release|iPhoneSimulator.Build.0 = Release|Any CPU
		{5BBB7E04-00C8-4066-92CD-711AC56C591B}.Debug|Any CPU.ActiveCfg = Debug|Any CPU
		{5BBB7E04-00C8-4066-92CD-711AC56C591B}.Debug|Any CPU.Build.0 = Debug|Any CPU
		{5BBB7E04-00C8-4066-92CD-711AC56C591B}.Debug|iPhone.ActiveCfg = Debug|Any CPU
		{5BBB7E04-00C8-4066-92CD-711AC56C591B}.Debug|iPhone.Build.0 = Debug|Any CPU
		{5BBB7E04-00C8-4066-92CD-711AC56C591B}.Debug|iPhoneSimulator.ActiveCfg = Debug|Any CPU
		{5BBB7E04-00C8-4066-92CD-711AC56C591B}.Debug|iPhoneSimulator.Build.0 = Debug|Any CPU
		{5BBB7E04-00C8-4066-92CD-711AC56C591B}.Release|Any CPU.ActiveCfg = Release|Any CPU
		{5BBB7E04-00C8-4066-92CD-711AC56C591B}.Release|Any CPU.Build.0 = Release|Any CPU
		{5BBB7E04-00C8-4066-92CD-711AC56C591B}.Release|iPhone.ActiveCfg = Release|Any CPU
		{5BBB7E04-00C8-4066-92CD-711AC56C591B}.Release|iPhone.Build.0 = Release|Any CPU
		{5BBB7E04-00C8-4066-92CD-711AC56C591B}.Release|iPhoneSimulator.ActiveCfg = Release|Any CPU
		{5BBB7E04-00C8-4066-92CD-711AC56C591B}.Release|iPhoneSimulator.Build.0 = Release|Any CPU
		{4219E741-BC9F-4212-9866-B4AF9896FC0B}.Debug|Any CPU.ActiveCfg = Debug|Any CPU
		{4219E741-BC9F-4212-9866-B4AF9896FC0B}.Debug|Any CPU.Build.0 = Debug|Any CPU
		{4219E741-BC9F-4212-9866-B4AF9896FC0B}.Debug|iPhone.ActiveCfg = Debug|Any CPU
		{4219E741-BC9F-4212-9866-B4AF9896FC0B}.Debug|iPhone.Build.0 = Debug|Any CPU
		{4219E741-BC9F-4212-9866-B4AF9896FC0B}.Debug|iPhoneSimulator.ActiveCfg = Debug|Any CPU
		{4219E741-BC9F-4212-9866-B4AF9896FC0B}.Debug|iPhoneSimulator.Build.0 = Debug|Any CPU
		{4219E741-BC9F-4212-9866-B4AF9896FC0B}.Release|Any CPU.ActiveCfg = Release|Any CPU
		{4219E741-BC9F-4212-9866-B4AF9896FC0B}.Release|Any CPU.Build.0 = Release|Any CPU
		{4219E741-BC9F-4212-9866-B4AF9896FC0B}.Release|iPhone.ActiveCfg = Release|Any CPU
		{4219E741-BC9F-4212-9866-B4AF9896FC0B}.Release|iPhone.Build.0 = Release|Any CPU
		{4219E741-BC9F-4212-9866-B4AF9896FC0B}.Release|iPhoneSimulator.ActiveCfg = Release|Any CPU
		{4219E741-BC9F-4212-9866-B4AF9896FC0B}.Release|iPhoneSimulator.Build.0 = Release|Any CPU
		{A00AE481-A986-45FC-A9C1-98B84336AF0F}.Debug|Any CPU.ActiveCfg = Debug|Any CPU
		{A00AE481-A986-45FC-A9C1-98B84336AF0F}.Debug|Any CPU.Build.0 = Debug|Any CPU
		{A00AE481-A986-45FC-A9C1-98B84336AF0F}.Debug|iPhone.ActiveCfg = Debug|Any CPU
		{A00AE481-A986-45FC-A9C1-98B84336AF0F}.Debug|iPhone.Build.0 = Debug|Any CPU
		{A00AE481-A986-45FC-A9C1-98B84336AF0F}.Debug|iPhoneSimulator.ActiveCfg = Debug|Any CPU
		{A00AE481-A986-45FC-A9C1-98B84336AF0F}.Debug|iPhoneSimulator.Build.0 = Debug|Any CPU
		{A00AE481-A986-45FC-A9C1-98B84336AF0F}.Release|Any CPU.ActiveCfg = Release|Any CPU
		{A00AE481-A986-45FC-A9C1-98B84336AF0F}.Release|Any CPU.Build.0 = Release|Any CPU
		{A00AE481-A986-45FC-A9C1-98B84336AF0F}.Release|iPhone.ActiveCfg = Release|Any CPU
		{A00AE481-A986-45FC-A9C1-98B84336AF0F}.Release|iPhone.Build.0 = Release|Any CPU
		{A00AE481-A986-45FC-A9C1-98B84336AF0F}.Release|iPhoneSimulator.ActiveCfg = Release|Any CPU
		{A00AE481-A986-45FC-A9C1-98B84336AF0F}.Release|iPhoneSimulator.Build.0 = Release|Any CPU
		{1C32F0D5-F675-426C-B02C-AF68E9E3F2F8}.Debug|Any CPU.ActiveCfg = Debug|Any CPU
		{1C32F0D5-F675-426C-B02C-AF68E9E3F2F8}.Debug|Any CPU.Build.0 = Debug|Any CPU
		{1C32F0D5-F675-426C-B02C-AF68E9E3F2F8}.Debug|iPhone.ActiveCfg = Debug|Any CPU
		{1C32F0D5-F675-426C-B02C-AF68E9E3F2F8}.Debug|iPhone.Build.0 = Debug|Any CPU
		{1C32F0D5-F675-426C-B02C-AF68E9E3F2F8}.Debug|iPhoneSimulator.ActiveCfg = Debug|Any CPU
		{1C32F0D5-F675-426C-B02C-AF68E9E3F2F8}.Debug|iPhoneSimulator.Build.0 = Debug|Any CPU
		{1C32F0D5-F675-426C-B02C-AF68E9E3F2F8}.Release|Any CPU.ActiveCfg = Release|Any CPU
		{1C32F0D5-F675-426C-B02C-AF68E9E3F2F8}.Release|Any CPU.Build.0 = Release|Any CPU
		{1C32F0D5-F675-426C-B02C-AF68E9E3F2F8}.Release|iPhone.ActiveCfg = Release|Any CPU
		{1C32F0D5-F675-426C-B02C-AF68E9E3F2F8}.Release|iPhone.Build.0 = Release|Any CPU
		{1C32F0D5-F675-426C-B02C-AF68E9E3F2F8}.Release|iPhoneSimulator.ActiveCfg = Release|Any CPU
		{1C32F0D5-F675-426C-B02C-AF68E9E3F2F8}.Release|iPhoneSimulator.Build.0 = Release|Any CPU
		{B128DDAF-E5CE-4BE2-BD19-5DBA18A43332}.Debug|Any CPU.ActiveCfg = Debug|Any CPU
		{B128DDAF-E5CE-4BE2-BD19-5DBA18A43332}.Debug|Any CPU.Build.0 = Debug|Any CPU
		{B128DDAF-E5CE-4BE2-BD19-5DBA18A43332}.Debug|iPhone.ActiveCfg = Debug|Any CPU
		{B128DDAF-E5CE-4BE2-BD19-5DBA18A43332}.Debug|iPhone.Build.0 = Debug|Any CPU
		{B128DDAF-E5CE-4BE2-BD19-5DBA18A43332}.Debug|iPhoneSimulator.ActiveCfg = Debug|Any CPU
		{B128DDAF-E5CE-4BE2-BD19-5DBA18A43332}.Debug|iPhoneSimulator.Build.0 = Debug|Any CPU
		{B128DDAF-E5CE-4BE2-BD19-5DBA18A43332}.Release|Any CPU.ActiveCfg = Release|Any CPU
		{B128DDAF-E5CE-4BE2-BD19-5DBA18A43332}.Release|Any CPU.Build.0 = Release|Any CPU
		{B128DDAF-E5CE-4BE2-BD19-5DBA18A43332}.Release|iPhone.ActiveCfg = Release|Any CPU
		{B128DDAF-E5CE-4BE2-BD19-5DBA18A43332}.Release|iPhone.Build.0 = Release|Any CPU
		{B128DDAF-E5CE-4BE2-BD19-5DBA18A43332}.Release|iPhoneSimulator.ActiveCfg = Release|Any CPU
		{B128DDAF-E5CE-4BE2-BD19-5DBA18A43332}.Release|iPhoneSimulator.Build.0 = Release|Any CPU
		{A1C0BD5C-158D-4104-9298-B9E587AFC96A}.Debug|Any CPU.ActiveCfg = Debug|Any CPU
		{A1C0BD5C-158D-4104-9298-B9E587AFC96A}.Debug|Any CPU.Build.0 = Debug|Any CPU
		{A1C0BD5C-158D-4104-9298-B9E587AFC96A}.Debug|iPhone.ActiveCfg = Debug|Any CPU
		{A1C0BD5C-158D-4104-9298-B9E587AFC96A}.Debug|iPhone.Build.0 = Debug|Any CPU
		{A1C0BD5C-158D-4104-9298-B9E587AFC96A}.Debug|iPhoneSimulator.ActiveCfg = Debug|Any CPU
		{A1C0BD5C-158D-4104-9298-B9E587AFC96A}.Debug|iPhoneSimulator.Build.0 = Debug|Any CPU
		{A1C0BD5C-158D-4104-9298-B9E587AFC96A}.Release|Any CPU.ActiveCfg = Release|Any CPU
		{A1C0BD5C-158D-4104-9298-B9E587AFC96A}.Release|Any CPU.Build.0 = Release|Any CPU
		{A1C0BD5C-158D-4104-9298-B9E587AFC96A}.Release|iPhone.ActiveCfg = Release|Any CPU
		{A1C0BD5C-158D-4104-9298-B9E587AFC96A}.Release|iPhone.Build.0 = Release|Any CPU
		{A1C0BD5C-158D-4104-9298-B9E587AFC96A}.Release|iPhoneSimulator.ActiveCfg = Release|Any CPU
		{A1C0BD5C-158D-4104-9298-B9E587AFC96A}.Release|iPhoneSimulator.Build.0 = Release|Any CPU
		{8691C62F-F753-4C99-9EC7-8EAF4A169E14}.Debug|Any CPU.ActiveCfg = Debug|Any CPU
		{8691C62F-F753-4C99-9EC7-8EAF4A169E14}.Debug|Any CPU.Build.0 = Debug|Any CPU
		{8691C62F-F753-4C99-9EC7-8EAF4A169E14}.Debug|iPhone.ActiveCfg = Debug|Any CPU
		{8691C62F-F753-4C99-9EC7-8EAF4A169E14}.Debug|iPhone.Build.0 = Debug|Any CPU
		{8691C62F-F753-4C99-9EC7-8EAF4A169E14}.Debug|iPhoneSimulator.ActiveCfg = Debug|Any CPU
		{8691C62F-F753-4C99-9EC7-8EAF4A169E14}.Debug|iPhoneSimulator.Build.0 = Debug|Any CPU
		{8691C62F-F753-4C99-9EC7-8EAF4A169E14}.Release|Any CPU.ActiveCfg = Release|Any CPU
		{8691C62F-F753-4C99-9EC7-8EAF4A169E14}.Release|Any CPU.Build.0 = Release|Any CPU
		{8691C62F-F753-4C99-9EC7-8EAF4A169E14}.Release|iPhone.ActiveCfg = Release|Any CPU
		{8691C62F-F753-4C99-9EC7-8EAF4A169E14}.Release|iPhone.Build.0 = Release|Any CPU
		{8691C62F-F753-4C99-9EC7-8EAF4A169E14}.Release|iPhoneSimulator.ActiveCfg = Release|Any CPU
		{8691C62F-F753-4C99-9EC7-8EAF4A169E14}.Release|iPhoneSimulator.Build.0 = Release|Any CPU
		{62D96F16-B69D-467B-AFD9-64831EDCB67B}.Debug|Any CPU.ActiveCfg = Debug|Any CPU
		{62D96F16-B69D-467B-AFD9-64831EDCB67B}.Debug|Any CPU.Build.0 = Debug|Any CPU
		{62D96F16-B69D-467B-AFD9-64831EDCB67B}.Debug|iPhone.ActiveCfg = Debug|Any CPU
		{62D96F16-B69D-467B-AFD9-64831EDCB67B}.Debug|iPhone.Build.0 = Debug|Any CPU
		{62D96F16-B69D-467B-AFD9-64831EDCB67B}.Debug|iPhoneSimulator.ActiveCfg = Debug|Any CPU
		{62D96F16-B69D-467B-AFD9-64831EDCB67B}.Debug|iPhoneSimulator.Build.0 = Debug|Any CPU
		{62D96F16-B69D-467B-AFD9-64831EDCB67B}.Release|Any CPU.ActiveCfg = Release|Any CPU
		{62D96F16-B69D-467B-AFD9-64831EDCB67B}.Release|Any CPU.Build.0 = Release|Any CPU
		{62D96F16-B69D-467B-AFD9-64831EDCB67B}.Release|iPhone.ActiveCfg = Release|Any CPU
		{62D96F16-B69D-467B-AFD9-64831EDCB67B}.Release|iPhone.Build.0 = Release|Any CPU
		{62D96F16-B69D-467B-AFD9-64831EDCB67B}.Release|iPhoneSimulator.ActiveCfg = Release|Any CPU
		{62D96F16-B69D-467B-AFD9-64831EDCB67B}.Release|iPhoneSimulator.Build.0 = Release|Any CPU
		{281A1338-2796-4552-B081-86CF775D2515}.Debug|Any CPU.ActiveCfg = Debug|Any CPU
		{281A1338-2796-4552-B081-86CF775D2515}.Debug|Any CPU.Build.0 = Debug|Any CPU
		{281A1338-2796-4552-B081-86CF775D2515}.Debug|iPhone.ActiveCfg = Debug|Any CPU
		{281A1338-2796-4552-B081-86CF775D2515}.Debug|iPhone.Build.0 = Debug|Any CPU
		{281A1338-2796-4552-B081-86CF775D2515}.Debug|iPhoneSimulator.ActiveCfg = Debug|Any CPU
		{281A1338-2796-4552-B081-86CF775D2515}.Debug|iPhoneSimulator.Build.0 = Debug|Any CPU
		{281A1338-2796-4552-B081-86CF775D2515}.Release|Any CPU.ActiveCfg = Release|Any CPU
		{281A1338-2796-4552-B081-86CF775D2515}.Release|Any CPU.Build.0 = Release|Any CPU
		{281A1338-2796-4552-B081-86CF775D2515}.Release|iPhone.ActiveCfg = Release|Any CPU
		{281A1338-2796-4552-B081-86CF775D2515}.Release|iPhone.Build.0 = Release|Any CPU
		{281A1338-2796-4552-B081-86CF775D2515}.Release|iPhoneSimulator.ActiveCfg = Release|Any CPU
		{281A1338-2796-4552-B081-86CF775D2515}.Release|iPhoneSimulator.Build.0 = Release|Any CPU
		{4E18AC7E-D380-43FD-8135-4795845A75E2}.Debug|Any CPU.ActiveCfg = Debug|Any CPU
		{4E18AC7E-D380-43FD-8135-4795845A75E2}.Debug|Any CPU.Build.0 = Debug|Any CPU
		{4E18AC7E-D380-43FD-8135-4795845A75E2}.Debug|iPhone.ActiveCfg = Debug|Any CPU
		{4E18AC7E-D380-43FD-8135-4795845A75E2}.Debug|iPhone.Build.0 = Debug|Any CPU
		{4E18AC7E-D380-43FD-8135-4795845A75E2}.Debug|iPhoneSimulator.ActiveCfg = Debug|Any CPU
		{4E18AC7E-D380-43FD-8135-4795845A75E2}.Debug|iPhoneSimulator.Build.0 = Debug|Any CPU
		{4E18AC7E-D380-43FD-8135-4795845A75E2}.Release|Any CPU.ActiveCfg = Release|Any CPU
		{4E18AC7E-D380-43FD-8135-4795845A75E2}.Release|Any CPU.Build.0 = Release|Any CPU
		{4E18AC7E-D380-43FD-8135-4795845A75E2}.Release|iPhone.ActiveCfg = Release|Any CPU
		{4E18AC7E-D380-43FD-8135-4795845A75E2}.Release|iPhone.Build.0 = Release|Any CPU
		{4E18AC7E-D380-43FD-8135-4795845A75E2}.Release|iPhoneSimulator.ActiveCfg = Release|Any CPU
		{4E18AC7E-D380-43FD-8135-4795845A75E2}.Release|iPhoneSimulator.Build.0 = Release|Any CPU
	EndGlobalSection
	GlobalSection(SolutionProperties) = preSolution
		HideSolutionNode = FALSE
	EndGlobalSection
	GlobalSection(NestedProjects) = preSolution
		{910A5EEC-E03A-4EF8-8D95-B4617EBBCA60} = {C0E67115-B23E-4850-A290-A4DA034F6206}
		{3EC6E86A-F32D-45F7-90E5-B28847B02F2E} = {C0E67115-B23E-4850-A290-A4DA034F6206}
		{ECBCAE5F-9104-4305-8469-60D7619C3CE1} = {E1DA45FA-A68E-4FBE-9C62-22B80AEB1C7F}
		{A58FEE6D-5388-423D-B56F-D607F8E85FE7} = {595D2A25-FA1C-45A0-9E92-32B8D02DBD0F}
		{B61E3320-D581-46C0-A5D2-41EE284CDC2E} = {595D2A25-FA1C-45A0-9E92-32B8D02DBD0F}
		{03A5CD2D-E467-4AAD-A076-DE92A5FD3D75} = {595D2A25-FA1C-45A0-9E92-32B8D02DBD0F}
		{595D2A25-FA1C-45A0-9E92-32B8D02DBD0F} = {7A9F3723-A024-445F-A121-147DA419976D}
		{E1DA45FA-A68E-4FBE-9C62-22B80AEB1C7F} = {7A9F3723-A024-445F-A121-147DA419976D}
		{6F1E1DA0-E334-45DD-9232-C2D3A99DD725} = {7A9F3723-A024-445F-A121-147DA419976D}
		{2E7989DD-69FE-418E-B6FD-05496AAE9CB8} = {E1DA45FA-A68E-4FBE-9C62-22B80AEB1C7F}
		{7D946F69-9930-4ADF-B9E3-6FBE35BB95C0} = {6F1E1DA0-E334-45DD-9232-C2D3A99DD725}
		{2462089D-8DF3-49A9-8EB9-F722873DE422} = {D121DD9E-BC3E-427E-A34C-C019E4107242}
		{AA4AF7C8-F6B0-46FF-841D-2A52698A05AA} = {C0E67115-B23E-4850-A290-A4DA034F6206}
		{009B5708-83D7-4B7E-8019-5EEF5CD18DB3} = {25417E5C-675D-48EE-8E75-80C04F9EA1FA}
		{DF6594B1-B69A-49F0-B1F8-C3D54AE1613B} = {25417E5C-675D-48EE-8E75-80C04F9EA1FA}
		{BFD62B70-8425-4EE3-B3D5-7A03DD7189D1} = {25417E5C-675D-48EE-8E75-80C04F9EA1FA}
		{33BC2CEB-DD69-4F4D-AE66-B2A771F16F3E} = {25417E5C-675D-48EE-8E75-80C04F9EA1FA}
		{4E3288A9-9E52-4226-AFAC-A67D5E65466A} = {25417E5C-675D-48EE-8E75-80C04F9EA1FA}
		{37CF9D14-5B39-487C-AAEE-A4456D0B7A5F} = {DF6594B1-B69A-49F0-B1F8-C3D54AE1613B}
		{72910266-221E-4B84-9386-D9F18849986B} = {33BC2CEB-DD69-4F4D-AE66-B2A771F16F3E}
		{73C6B3AE-C1F3-4705-A80C-D356B65E824D} = {25417E5C-675D-48EE-8E75-80C04F9EA1FA}
		{F144CEE7-7964-4A03-A443-69457317E04F} = {73C6B3AE-C1F3-4705-A80C-D356B65E824D}
		{18CC4563-3F10-4ADB-B4E7-DD7FEC84E15B} = {4E3288A9-9E52-4226-AFAC-A67D5E65466A}
		{A06D426F-74D0-4C67-8FE2-25274DDB64C9} = {25417E5C-675D-48EE-8E75-80C04F9EA1FA}
		{930916B8-EE54-4FA0-9C05-2318F3765925} = {A06D426F-74D0-4C67-8FE2-25274DDB64C9}
		{A30AFE1E-D821-43B3-AEF7-1570CBD87B06} = {009B5708-83D7-4B7E-8019-5EEF5CD18DB3}
		{5BBB7E04-00C8-4066-92CD-711AC56C591B} = {009B5708-83D7-4B7E-8019-5EEF5CD18DB3}
		{4219E741-BC9F-4212-9866-B4AF9896FC0B} = {BFD62B70-8425-4EE3-B3D5-7A03DD7189D1}
		{A00AE481-A986-45FC-A9C1-98B84336AF0F} = {A06D426F-74D0-4C67-8FE2-25274DDB64C9}
		{1C32F0D5-F675-426C-B02C-AF68E9E3F2F8} = {A06D426F-74D0-4C67-8FE2-25274DDB64C9}
		{B128DDAF-E5CE-4BE2-BD19-5DBA18A43332} = {39F301D9-6CC8-4C91-AD77-69F1E3173827}
		{A1C0BD5C-158D-4104-9298-B9E587AFC96A} = {73C6B3AE-C1F3-4705-A80C-D356B65E824D}
		{8691C62F-F753-4C99-9EC7-8EAF4A169E14} = {73C6B3AE-C1F3-4705-A80C-D356B65E824D}
		{62D96F16-B69D-467B-AFD9-64831EDCB67B} = {BFD62B70-8425-4EE3-B3D5-7A03DD7189D1}
		{281A1338-2796-4552-B081-86CF775D2515} = {BFD62B70-8425-4EE3-B3D5-7A03DD7189D1}
		{4E18AC7E-D380-43FD-8135-4795845A75E2} = {009B5708-83D7-4B7E-8019-5EEF5CD18DB3}
	EndGlobalSection
	GlobalSection(ExtensibilityGlobals) = postSolution
		SolutionGuid = {DB397D65-5AE9-45D7-B975-511AA47527A8}
	EndGlobalSection
EndGlobal
